// !$*UTF8*$!
{
	archiveVersion = 1;
	classes = {
	};
	objectVersion = 56;
	objects = {

/* Begin PBXBuildFile section */
		E704B17A2B73FA1D0014E5D1 /* SDL2_ttf.framework in Frameworks */ = {isa = PBXBuildFile; fileRef = E704B1792B73FA0F0014E5D1 /* SDL2_ttf.framework */; };
		E704B17C2B73FA1D0014E5D1 /* SDL2.framework in Frameworks */ = {isa = PBXBuildFile; fileRef = E704B1782B73FA0F0014E5D1 /* SDL2.framework */; };
		E71B4B832B9C074D0056C9E0 /* ComponentDB.cpp in Sources */ = {isa = PBXBuildFile; fileRef = E71B4B812B9C074D0056C9E0 /* ComponentDB.cpp */; };
		E73524852B734C19002C0617 /* TemplateData.cpp in Sources */ = {isa = PBXBuildFile; fileRef = E73524842B734C19002C0617 /* TemplateData.cpp */; };
		E74DA1162B7A7AF6001B5D47 /* AudioManager.cpp in Sources */ = {isa = PBXBuildFile; fileRef = E74DA1142B7A7AF6001B5D47 /* AudioManager.cpp */; };
		E74DA1182B7AAAE0001B5D47 /* Actor.cpp in Sources */ = {isa = PBXBuildFile; fileRef = E74DA1172B7AAAE0001B5D47 /* Actor.cpp */; };
		E758FD382BB0872300ECB496 /* b2_joint.cpp in Sources */ = {isa = PBXBuildFile; fileRef = E758FCFF2BB085EE00ECB496 /* b2_joint.cpp */; };
		E758FD392BB0872300ECB496 /* b2_chain_circle_contact.cpp in Sources */ = {isa = PBXBuildFile; fileRef = E758FD012BB085EE00ECB496 /* b2_chain_circle_contact.cpp */; };
		E758FD3A2BB0872300ECB496 /* b2_weld_joint.cpp in Sources */ = {isa = PBXBuildFile; fileRef = E758FD052BB085EE00ECB496 /* b2_weld_joint.cpp */; };
		E758FD3B2BB0872300ECB496 /* b2_chain_polygon_contact.cpp in Sources */ = {isa = PBXBuildFile; fileRef = E758FD062BB085EE00ECB496 /* b2_chain_polygon_contact.cpp */; };
		E758FD3C2BB0872300ECB496 /* b2_body.cpp in Sources */ = {isa = PBXBuildFile; fileRef = E758FD082BB085EE00ECB496 /* b2_body.cpp */; };
		E758FD3D2BB0872300ECB496 /* b2_contact.cpp in Sources */ = {isa = PBXBuildFile; fileRef = E758FD092BB085EE00ECB496 /* b2_contact.cpp */; };
		E758FD3E2BB0872300ECB496 /* b2_revolute_joint.cpp in Sources */ = {isa = PBXBuildFile; fileRef = E758FD0A2BB085EE00ECB496 /* b2_revolute_joint.cpp */; };
		E758FD3F2BB0872300ECB496 /* b2_contact_solver.cpp in Sources */ = {isa = PBXBuildFile; fileRef = E758FD0C2BB085EE00ECB496 /* b2_contact_solver.cpp */; };
		E758FD402BB0872300ECB496 /* b2_world_callbacks.cpp in Sources */ = {isa = PBXBuildFile; fileRef = E758FD0D2BB085EE00ECB496 /* b2_world_callbacks.cpp */; };
		E758FD412BB0872300ECB496 /* b2_pulley_joint.cpp in Sources */ = {isa = PBXBuildFile; fileRef = E758FD0E2BB085EE00ECB496 /* b2_pulley_joint.cpp */; };
		E758FD422BB0872300ECB496 /* b2_polygon_circle_contact.cpp in Sources */ = {isa = PBXBuildFile; fileRef = E758FD0F2BB085EE00ECB496 /* b2_polygon_circle_contact.cpp */; };
		E758FD432BB0872300ECB496 /* b2_distance_joint.cpp in Sources */ = {isa = PBXBuildFile; fileRef = E758FD112BB085EE00ECB496 /* b2_distance_joint.cpp */; };
		E758FD442BB0872300ECB496 /* b2_contact_manager.cpp in Sources */ = {isa = PBXBuildFile; fileRef = E758FD122BB085EE00ECB496 /* b2_contact_manager.cpp */; };
		E758FD452BB0872300ECB496 /* b2_polygon_contact.cpp in Sources */ = {isa = PBXBuildFile; fileRef = E758FD132BB085EE00ECB496 /* b2_polygon_contact.cpp */; };
		E758FD462BB0872300ECB496 /* b2_edge_polygon_contact.cpp in Sources */ = {isa = PBXBuildFile; fileRef = E758FD142BB085EE00ECB496 /* b2_edge_polygon_contact.cpp */; };
		E758FD472BB0872300ECB496 /* b2_edge_circle_contact.cpp in Sources */ = {isa = PBXBuildFile; fileRef = E758FD152BB085EE00ECB496 /* b2_edge_circle_contact.cpp */; };
		E758FD482BB0872300ECB496 /* b2_gear_joint.cpp in Sources */ = {isa = PBXBuildFile; fileRef = E758FD162BB085EE00ECB496 /* b2_gear_joint.cpp */; };
		E758FD492BB0872300ECB496 /* b2_friction_joint.cpp in Sources */ = {isa = PBXBuildFile; fileRef = E758FD172BB085EE00ECB496 /* b2_friction_joint.cpp */; };
		E758FD4A2BB0872300ECB496 /* b2_wheel_joint.cpp in Sources */ = {isa = PBXBuildFile; fileRef = E758FD182BB085EE00ECB496 /* b2_wheel_joint.cpp */; };
		E758FD4B2BB0872300ECB496 /* b2_motor_joint.cpp in Sources */ = {isa = PBXBuildFile; fileRef = E758FD1A2BB085EE00ECB496 /* b2_motor_joint.cpp */; };
		E758FD4C2BB0872300ECB496 /* b2_world.cpp in Sources */ = {isa = PBXBuildFile; fileRef = E758FD1B2BB085EE00ECB496 /* b2_world.cpp */; };
		E758FD4D2BB0872300ECB496 /* b2_island.cpp in Sources */ = {isa = PBXBuildFile; fileRef = E758FD1C2BB085EE00ECB496 /* b2_island.cpp */; };
		E758FD4E2BB0872300ECB496 /* b2_mouse_joint.cpp in Sources */ = {isa = PBXBuildFile; fileRef = E758FD1D2BB085EE00ECB496 /* b2_mouse_joint.cpp */; };
		E758FD4F2BB0872300ECB496 /* b2_circle_contact.cpp in Sources */ = {isa = PBXBuildFile; fileRef = E758FD1E2BB085EE00ECB496 /* b2_circle_contact.cpp */; };
		E758FD502BB0872300ECB496 /* b2_prismatic_joint.cpp in Sources */ = {isa = PBXBuildFile; fileRef = E758FD1F2BB085EE00ECB496 /* b2_prismatic_joint.cpp */; };
		E758FD512BB0872300ECB496 /* b2_fixture.cpp in Sources */ = {isa = PBXBuildFile; fileRef = E758FD202BB085EE00ECB496 /* b2_fixture.cpp */; };
		E758FD522BB0873200ECB496 /* b2_rope.cpp in Sources */ = {isa = PBXBuildFile; fileRef = E758FD232BB085EE00ECB496 /* b2_rope.cpp */; };
		E758FD532BB0873E00ECB496 /* b2_draw.cpp in Sources */ = {isa = PBXBuildFile; fileRef = E758FD252BB085EE00ECB496 /* b2_draw.cpp */; };
		E758FD542BB0873E00ECB496 /* b2_timer.cpp in Sources */ = {isa = PBXBuildFile; fileRef = E758FD262BB085EE00ECB496 /* b2_timer.cpp */; };
		E758FD552BB0873E00ECB496 /* b2_block_allocator.cpp in Sources */ = {isa = PBXBuildFile; fileRef = E758FD272BB085EE00ECB496 /* b2_block_allocator.cpp */; };
		E758FD562BB0873E00ECB496 /* b2_stack_allocator.cpp in Sources */ = {isa = PBXBuildFile; fileRef = E758FD282BB085EE00ECB496 /* b2_stack_allocator.cpp */; };
		E758FD572BB0873E00ECB496 /* b2_settings.cpp in Sources */ = {isa = PBXBuildFile; fileRef = E758FD292BB085EE00ECB496 /* b2_settings.cpp */; };
		E758FD582BB0873E00ECB496 /* b2_math.cpp in Sources */ = {isa = PBXBuildFile; fileRef = E758FD2A2BB085EE00ECB496 /* b2_math.cpp */; };
		E758FD592BB0874800ECB496 /* b2_collide_circle.cpp in Sources */ = {isa = PBXBuildFile; fileRef = E758FD2C2BB085EE00ECB496 /* b2_collide_circle.cpp */; };
		E758FD5A2BB0874800ECB496 /* b2_circle_shape.cpp in Sources */ = {isa = PBXBuildFile; fileRef = E758FD2D2BB085EE00ECB496 /* b2_circle_shape.cpp */; };
		E758FD5B2BB0874800ECB496 /* b2_collision.cpp in Sources */ = {isa = PBXBuildFile; fileRef = E758FD2E2BB085EE00ECB496 /* b2_collision.cpp */; };
		E758FD5C2BB0874800ECB496 /* b2_collide_edge.cpp in Sources */ = {isa = PBXBuildFile; fileRef = E758FD2F2BB085EE00ECB496 /* b2_collide_edge.cpp */; };
		E758FD5D2BB0874800ECB496 /* b2_chain_shape.cpp in Sources */ = {isa = PBXBuildFile; fileRef = E758FD302BB085EE00ECB496 /* b2_chain_shape.cpp */; };
		E758FD5E2BB0874800ECB496 /* b2_broad_phase.cpp in Sources */ = {isa = PBXBuildFile; fileRef = E758FD312BB085EE00ECB496 /* b2_broad_phase.cpp */; };
		E758FD5F2BB0874800ECB496 /* b2_dynamic_tree.cpp in Sources */ = {isa = PBXBuildFile; fileRef = E758FD322BB085EE00ECB496 /* b2_dynamic_tree.cpp */; };
		E758FD602BB0874800ECB496 /* b2_polygon_shape.cpp in Sources */ = {isa = PBXBuildFile; fileRef = E758FD332BB085EE00ECB496 /* b2_polygon_shape.cpp */; };
		E758FD612BB0874800ECB496 /* b2_collide_polygon.cpp in Sources */ = {isa = PBXBuildFile; fileRef = E758FD342BB085EE00ECB496 /* b2_collide_polygon.cpp */; };
		E758FD622BB0874800ECB496 /* b2_edge_shape.cpp in Sources */ = {isa = PBXBuildFile; fileRef = E758FD352BB085EE00ECB496 /* b2_edge_shape.cpp */; };
		E758FD632BB0874800ECB496 /* b2_time_of_impact.cpp in Sources */ = {isa = PBXBuildFile; fileRef = E758FD362BB085EE00ECB496 /* b2_time_of_impact.cpp */; };
		E758FD642BB0874800ECB496 /* b2_distance.cpp in Sources */ = {isa = PBXBuildFile; fileRef = E758FD372BB085EE00ECB496 /* b2_distance.cpp */; };
		E76157CF2B97DB8800F23F7B /* liolib.c in Sources */ = {isa = PBXBuildFile; fileRef = E76157952B97DB8700F23F7B /* liolib.c */; };
		E76157D02B97DB8800F23F7B /* lctype.c in Sources */ = {isa = PBXBuildFile; fileRef = E76157972B97DB8700F23F7B /* lctype.c */; };
		E76157D12B97DB8800F23F7B /* lmem.c in Sources */ = {isa = PBXBuildFile; fileRef = E76157982B97DB8700F23F7B /* lmem.c */; };
		E76157D22B97DB8800F23F7B /* lparser.c in Sources */ = {isa = PBXBuildFile; fileRef = E76157992B97DB8700F23F7B /* lparser.c */; };
		E76157D32B97DB8800F23F7B /* lstring.c in Sources */ = {isa = PBXBuildFile; fileRef = E761579B2B97DB8700F23F7B /* lstring.c */; };
		E76157D42B97DB8800F23F7B /* loadlib.c in Sources */ = {isa = PBXBuildFile; fileRef = E761579C2B97DB8700F23F7B /* loadlib.c */; };
		E76157D52B97DB8800F23F7B /* lobject.c in Sources */ = {isa = PBXBuildFile; fileRef = E76157A12B97DB8700F23F7B /* lobject.c */; };
		E76157D62B97DB8800F23F7B /* lcorolib.c in Sources */ = {isa = PBXBuildFile; fileRef = E76157A22B97DB8700F23F7B /* lcorolib.c */; };
		E76157D72B97DB8800F23F7B /* lutf8lib.c in Sources */ = {isa = PBXBuildFile; fileRef = E76157A32B97DB8700F23F7B /* lutf8lib.c */; };
		E76157D82B97DB8800F23F7B /* lapi.c in Sources */ = {isa = PBXBuildFile; fileRef = E76157A42B97DB8700F23F7B /* lapi.c */; };
		E76157D92B97DB8800F23F7B /* ldblib.c in Sources */ = {isa = PBXBuildFile; fileRef = E76157A52B97DB8700F23F7B /* ldblib.c */; };
		E76157DA2B97DB8800F23F7B /* ltablib.c in Sources */ = {isa = PBXBuildFile; fileRef = E76157AD2B97DB8700F23F7B /* ltablib.c */; };
		E76157DB2B97DB8800F23F7B /* lundump.c in Sources */ = {isa = PBXBuildFile; fileRef = E76157AF2B97DB8700F23F7B /* lundump.c */; };
		E76157DC2B97DB8800F23F7B /* ldo.c in Sources */ = {isa = PBXBuildFile; fileRef = E76157B02B97DB8700F23F7B /* ldo.c */; };
		E76157DD2B97DB8800F23F7B /* lcode.c in Sources */ = {isa = PBXBuildFile; fileRef = E76157B32B97DB8700F23F7B /* lcode.c */; };
		E76157DE2B97DB8800F23F7B /* lgc.c in Sources */ = {isa = PBXBuildFile; fileRef = E76157B52B97DB8700F23F7B /* lgc.c */; };
		E76157DF2B97DB8800F23F7B /* ltm.c in Sources */ = {isa = PBXBuildFile; fileRef = E76157B62B97DB8700F23F7B /* ltm.c */; };
		E76157E02B97DB8800F23F7B /* lstrlib.c in Sources */ = {isa = PBXBuildFile; fileRef = E76157B72B97DB8700F23F7B /* lstrlib.c */; };
		E76157E12B97DB8800F23F7B /* lvm.c in Sources */ = {isa = PBXBuildFile; fileRef = E76157B82B97DB8700F23F7B /* lvm.c */; };
		E76157E22B97DB8800F23F7B /* llex.c in Sources */ = {isa = PBXBuildFile; fileRef = E76157B92B97DB8700F23F7B /* llex.c */; };
		E76157E32B97DB8800F23F7B /* linit.c in Sources */ = {isa = PBXBuildFile; fileRef = E76157BA2B97DB8700F23F7B /* linit.c */; };
		E76157E42B97DB8800F23F7B /* ltable.c in Sources */ = {isa = PBXBuildFile; fileRef = E76157BC2B97DB8700F23F7B /* ltable.c */; };
		E76157E52B97DB8800F23F7B /* lbaselib.c in Sources */ = {isa = PBXBuildFile; fileRef = E76157BE2B97DB8700F23F7B /* lbaselib.c */; };
		E76157E62B97DB8800F23F7B /* ldebug.c in Sources */ = {isa = PBXBuildFile; fileRef = E76157BF2B97DB8700F23F7B /* ldebug.c */; };
		E76157E72B97DB8800F23F7B /* lopcodes.c in Sources */ = {isa = PBXBuildFile; fileRef = E76157C12B97DB8700F23F7B /* lopcodes.c */; };
		E76157E82B97DB8800F23F7B /* lauxlib.c in Sources */ = {isa = PBXBuildFile; fileRef = E76157C42B97DB8700F23F7B /* lauxlib.c */; };
		E76157E92B97DB8800F23F7B /* ldump.c in Sources */ = {isa = PBXBuildFile; fileRef = E76157C82B97DB8800F23F7B /* ldump.c */; };
		E76157EA2B97DB8800F23F7B /* lstate.c in Sources */ = {isa = PBXBuildFile; fileRef = E76157C92B97DB8800F23F7B /* lstate.c */; };
		E76157EB2B97DB8800F23F7B /* lfunc.c in Sources */ = {isa = PBXBuildFile; fileRef = E76157CA2B97DB8800F23F7B /* lfunc.c */; };
		E76157EC2B97DB8800F23F7B /* lmathlib.c in Sources */ = {isa = PBXBuildFile; fileRef = E76157CB2B97DB8800F23F7B /* lmathlib.c */; };
		E76157ED2B97DB8800F23F7B /* loslib.c in Sources */ = {isa = PBXBuildFile; fileRef = E76157CC2B97DB8800F23F7B /* loslib.c */; };
		E76157EE2B97DB8800F23F7B /* lzio.c in Sources */ = {isa = PBXBuildFile; fileRef = E76157CE2B97DB8800F23F7B /* lzio.c */; };
		E764349E2BB61AC100241357 /* EventBus.cpp in Sources */ = {isa = PBXBuildFile; fileRef = E764349C2BB61AC100241357 /* EventBus.cpp */; };
		E76A865C2BB3544F009098BF /* CollisionManager.cpp in Sources */ = {isa = PBXBuildFile; fileRef = E76A865A2BB3544F009098BF /* CollisionManager.cpp */; };
		E76A865F2BB46097009098BF /* Raycast.cpp in Sources */ = {isa = PBXBuildFile; fileRef = E76A865D2BB46097009098BF /* Raycast.cpp */; };
		E771C2B62BB1E3E9005BBC83 /* Rigidbody.cpp in Sources */ = {isa = PBXBuildFile; fileRef = E771C2B42BB1E3E9005BBC83 /* Rigidbody.cpp */; };
		E77240312B73E2F80091BFF6 /* Renderer.cpp in Sources */ = {isa = PBXBuildFile; fileRef = E772402F2B73E2F80091BFF6 /* Renderer.cpp */; };
		E77240382B73E5970091BFF6 /* SDL2_mixer.framework in Frameworks */ = {isa = PBXBuildFile; fileRef = E77240342B73E5970091BFF6 /* SDL2_mixer.framework */; };
		E772403A2B73E5970091BFF6 /* SDL2_image.framework in Frameworks */ = {isa = PBXBuildFile; fileRef = E77240362B73E5970091BFF6 /* SDL2_image.framework */; };
		E77EAA532B7EBAB80019F55F /* Input.cpp in Sources */ = {isa = PBXBuildFile; fileRef = E77EAA512B7EBAB80019F55F /* Input.cpp */; };
		E77EAA692B8289610019F55F /* SpacialMap.cpp in Sources */ = {isa = PBXBuildFile; fileRef = E77EAA672B8289610019F55F /* SpacialMap.cpp */; };
		E78D6CBA2B6F58CB006AE422 /* main.cpp in Sources */ = {isa = PBXBuildFile; fileRef = E78D6CB92B6F58CB006AE422 /* main.cpp */; };
		E78D6CBC2B6F58D1006AE422 /* SceneDB.cpp in Sources */ = {isa = PBXBuildFile; fileRef = E78D6CBB2B6F58D0006AE422 /* SceneDB.cpp */; };
		E7A630652B72D6F700132C47 /* Engine.cpp in Sources */ = {isa = PBXBuildFile; fileRef = E7A630642B72D6F700132C47 /* Engine.cpp */; };
		E7FB24B92B6EBA4E006D9397 /* EngineUtils.cpp in Sources */ = {isa = PBXBuildFile; fileRef = E76481EC2B6CA44400837976 /* EngineUtils.cpp */; };
/* End PBXBuildFile section */

/* Begin PBXCopyFilesBuildPhase section */
		E7123AB12B61B159005FE74A /* CopyFiles */ = {
			isa = PBXCopyFilesBuildPhase;
			buildActionMask = 2147483647;
			dstPath = /usr/share/man/man1/;
			dstSubfolderSpec = 0;
			files = (
			);
			runOnlyForDeploymentPostprocessing = 1;
		};
/* End PBXCopyFilesBuildPhase section */

/* Begin PBXFileReference section */
		E704B1782B73FA0F0014E5D1 /* SDL2.framework */ = {isa = PBXFileReference; lastKnownFileType = wrapper.framework; path = SDL2.framework; sourceTree = "<group>"; };
		E704B1792B73FA0F0014E5D1 /* SDL2_ttf.framework */ = {isa = PBXFileReference; lastKnownFileType = wrapper.framework; path = SDL2_ttf.framework; sourceTree = "<group>"; };
		E7123AB32B61B159005FE74A /* dive_engine */ = {isa = PBXFileReference; explicitFileType = "compiled.mach-o.executable"; includeInIndex = 0; path = dive_engine; sourceTree = BUILT_PRODUCTS_DIR; };
		E71B4B812B9C074D0056C9E0 /* ComponentDB.cpp */ = {isa = PBXFileReference; lastKnownFileType = sourcecode.cpp.cpp; path = ComponentDB.cpp; sourceTree = "<group>"; };
		E73524842B734C19002C0617 /* TemplateData.cpp */ = {isa = PBXFileReference; lastKnownFileType = sourcecode.cpp.cpp; path = TemplateData.cpp; sourceTree = "<group>"; };
		E74DA1142B7A7AF6001B5D47 /* AudioManager.cpp */ = {isa = PBXFileReference; lastKnownFileType = sourcecode.cpp.cpp; path = AudioManager.cpp; sourceTree = "<group>"; };
		E74DA1172B7AAAE0001B5D47 /* Actor.cpp */ = {isa = PBXFileReference; lastKnownFileType = sourcecode.cpp.cpp; path = Actor.cpp; sourceTree = "<group>"; };
		E758FCD52BB085EE00ECB496 /* b2_joint.h */ = {isa = PBXFileReference; lastKnownFileType = sourcecode.c.h; path = b2_joint.h; sourceTree = "<group>"; };
		E758FCD62BB085EE00ECB496 /* b2_shape.h */ = {isa = PBXFileReference; lastKnownFileType = sourcecode.c.h; path = b2_shape.h; sourceTree = "<group>"; };
		E758FCD72BB085EE00ECB496 /* b2_block_allocator.h */ = {isa = PBXFileReference; lastKnownFileType = sourcecode.c.h; path = b2_block_allocator.h; sourceTree = "<group>"; };
		E758FCD82BB085EE00ECB496 /* b2_motor_joint.h */ = {isa = PBXFileReference; lastKnownFileType = sourcecode.c.h; path = b2_motor_joint.h; sourceTree = "<group>"; };
		E758FCD92BB085EE00ECB496 /* b2_common.h */ = {isa = PBXFileReference; lastKnownFileType = sourcecode.c.h; path = b2_common.h; sourceTree = "<group>"; };
		E758FCDA2BB085EE00ECB496 /* b2_weld_joint.h */ = {isa = PBXFileReference; lastKnownFileType = sourcecode.c.h; path = b2_weld_joint.h; sourceTree = "<group>"; };
		E758FCDB2BB085EE00ECB496 /* b2_dynamic_tree.h */ = {isa = PBXFileReference; lastKnownFileType = sourcecode.c.h; path = b2_dynamic_tree.h; sourceTree = "<group>"; };
		E758FCDC2BB085EE00ECB496 /* b2_fixture.h */ = {isa = PBXFileReference; lastKnownFileType = sourcecode.c.h; path = b2_fixture.h; sourceTree = "<group>"; };
		E758FCDD2BB085EE00ECB496 /* b2_stack_allocator.h */ = {isa = PBXFileReference; lastKnownFileType = sourcecode.c.h; path = b2_stack_allocator.h; sourceTree = "<group>"; };
		E758FCDE2BB085EE00ECB496 /* box2d.h */ = {isa = PBXFileReference; lastKnownFileType = sourcecode.c.h; path = box2d.h; sourceTree = "<group>"; };
		E758FCDF2BB085EE00ECB496 /* b2_types.h */ = {isa = PBXFileReference; lastKnownFileType = sourcecode.c.h; path = b2_types.h; sourceTree = "<group>"; };
		E758FCE02BB085EE00ECB496 /* b2_broad_phase.h */ = {isa = PBXFileReference; lastKnownFileType = sourcecode.c.h; path = b2_broad_phase.h; sourceTree = "<group>"; };
		E758FCE12BB085EE00ECB496 /* b2_settings.h */ = {isa = PBXFileReference; lastKnownFileType = sourcecode.c.h; path = b2_settings.h; sourceTree = "<group>"; };
		E758FCE22BB085EE00ECB496 /* b2_revolute_joint.h */ = {isa = PBXFileReference; lastKnownFileType = sourcecode.c.h; path = b2_revolute_joint.h; sourceTree = "<group>"; };
		E758FCE32BB085EE00ECB496 /* b2_rope.h */ = {isa = PBXFileReference; lastKnownFileType = sourcecode.c.h; path = b2_rope.h; sourceTree = "<group>"; };
		E758FCE42BB085EE00ECB496 /* b2_distance_joint.h */ = {isa = PBXFileReference; lastKnownFileType = sourcecode.c.h; path = b2_distance_joint.h; sourceTree = "<group>"; };
		E758FCE52BB085EE00ECB496 /* b2_body.h */ = {isa = PBXFileReference; lastKnownFileType = sourcecode.c.h; path = b2_body.h; sourceTree = "<group>"; };
		E758FCE62BB085EE00ECB496 /* b2_distance.h */ = {isa = PBXFileReference; lastKnownFileType = sourcecode.c.h; path = b2_distance.h; sourceTree = "<group>"; };
		E758FCE72BB085EE00ECB496 /* b2_time_step.h */ = {isa = PBXFileReference; lastKnownFileType = sourcecode.c.h; path = b2_time_step.h; sourceTree = "<group>"; };
		E758FCE82BB085EE00ECB496 /* b2_pulley_joint.h */ = {isa = PBXFileReference; lastKnownFileType = sourcecode.c.h; path = b2_pulley_joint.h; sourceTree = "<group>"; };
		E758FCE92BB085EE00ECB496 /* b2_circle_shape.h */ = {isa = PBXFileReference; lastKnownFileType = sourcecode.c.h; path = b2_circle_shape.h; sourceTree = "<group>"; };
		E758FCEA2BB085EE00ECB496 /* b2_math.h */ = {isa = PBXFileReference; lastKnownFileType = sourcecode.c.h; path = b2_math.h; sourceTree = "<group>"; };
		E758FCEB2BB085EE00ECB496 /* b2_time_of_impact.h */ = {isa = PBXFileReference; lastKnownFileType = sourcecode.c.h; path = b2_time_of_impact.h; sourceTree = "<group>"; };
		E758FCEC2BB085EE00ECB496 /* b2_mouse_joint.h */ = {isa = PBXFileReference; lastKnownFileType = sourcecode.c.h; path = b2_mouse_joint.h; sourceTree = "<group>"; };
		E758FCED2BB085EE00ECB496 /* b2_friction_joint.h */ = {isa = PBXFileReference; lastKnownFileType = sourcecode.c.h; path = b2_friction_joint.h; sourceTree = "<group>"; };
		E758FCEE2BB085EE00ECB496 /* b2_contact.h */ = {isa = PBXFileReference; lastKnownFileType = sourcecode.c.h; path = b2_contact.h; sourceTree = "<group>"; };
		E758FCEF2BB085EE00ECB496 /* b2_prismatic_joint.h */ = {isa = PBXFileReference; lastKnownFileType = sourcecode.c.h; path = b2_prismatic_joint.h; sourceTree = "<group>"; };
		E758FCF02BB085EE00ECB496 /* b2_world.h */ = {isa = PBXFileReference; lastKnownFileType = sourcecode.c.h; path = b2_world.h; sourceTree = "<group>"; };
		E758FCF12BB085EE00ECB496 /* b2_polygon_shape.h */ = {isa = PBXFileReference; lastKnownFileType = sourcecode.c.h; path = b2_polygon_shape.h; sourceTree = "<group>"; };
		E758FCF22BB085EE00ECB496 /* b2_wheel_joint.h */ = {isa = PBXFileReference; lastKnownFileType = sourcecode.c.h; path = b2_wheel_joint.h; sourceTree = "<group>"; };
		E758FCF32BB085EE00ECB496 /* b2_growable_stack.h */ = {isa = PBXFileReference; lastKnownFileType = sourcecode.c.h; path = b2_growable_stack.h; sourceTree = "<group>"; };
		E758FCF42BB085EE00ECB496 /* b2_draw.h */ = {isa = PBXFileReference; lastKnownFileType = sourcecode.c.h; path = b2_draw.h; sourceTree = "<group>"; };
		E758FCF52BB085EE00ECB496 /* b2_collision.h */ = {isa = PBXFileReference; lastKnownFileType = sourcecode.c.h; path = b2_collision.h; sourceTree = "<group>"; };
		E758FCF62BB085EE00ECB496 /* b2_api.h */ = {isa = PBXFileReference; lastKnownFileType = sourcecode.c.h; path = b2_api.h; sourceTree = "<group>"; };
		E758FCF72BB085EE00ECB496 /* b2_chain_shape.h */ = {isa = PBXFileReference; lastKnownFileType = sourcecode.c.h; path = b2_chain_shape.h; sourceTree = "<group>"; };
		E758FCF82BB085EE00ECB496 /* b2_gear_joint.h */ = {isa = PBXFileReference; lastKnownFileType = sourcecode.c.h; path = b2_gear_joint.h; sourceTree = "<group>"; };
		E758FCF92BB085EE00ECB496 /* b2_timer.h */ = {isa = PBXFileReference; lastKnownFileType = sourcecode.c.h; path = b2_timer.h; sourceTree = "<group>"; };
		E758FCFA2BB085EE00ECB496 /* b2_world_callbacks.h */ = {isa = PBXFileReference; lastKnownFileType = sourcecode.c.h; path = b2_world_callbacks.h; sourceTree = "<group>"; };
		E758FCFB2BB085EE00ECB496 /* b2_contact_manager.h */ = {isa = PBXFileReference; lastKnownFileType = sourcecode.c.h; path = b2_contact_manager.h; sourceTree = "<group>"; };
		E758FCFC2BB085EE00ECB496 /* b2_edge_shape.h */ = {isa = PBXFileReference; lastKnownFileType = sourcecode.c.h; path = b2_edge_shape.h; sourceTree = "<group>"; };
		E758FCFF2BB085EE00ECB496 /* b2_joint.cpp */ = {isa = PBXFileReference; lastKnownFileType = sourcecode.cpp.cpp; path = b2_joint.cpp; sourceTree = "<group>"; };
		E758FD002BB085EE00ECB496 /* b2_chain_polygon_contact.h */ = {isa = PBXFileReference; lastKnownFileType = sourcecode.c.h; path = b2_chain_polygon_contact.h; sourceTree = "<group>"; };
		E758FD012BB085EE00ECB496 /* b2_chain_circle_contact.cpp */ = {isa = PBXFileReference; lastKnownFileType = sourcecode.cpp.cpp; path = b2_chain_circle_contact.cpp; sourceTree = "<group>"; };
		E758FD022BB085EE00ECB496 /* b2_chain_circle_contact.h */ = {isa = PBXFileReference; lastKnownFileType = sourcecode.c.h; path = b2_chain_circle_contact.h; sourceTree = "<group>"; };
		E758FD032BB085EE00ECB496 /* b2_polygon_circle_contact.h */ = {isa = PBXFileReference; lastKnownFileType = sourcecode.c.h; path = b2_polygon_circle_contact.h; sourceTree = "<group>"; };
		E758FD042BB085EE00ECB496 /* b2_circle_contact.h */ = {isa = PBXFileReference; lastKnownFileType = sourcecode.c.h; path = b2_circle_contact.h; sourceTree = "<group>"; };
		E758FD052BB085EE00ECB496 /* b2_weld_joint.cpp */ = {isa = PBXFileReference; lastKnownFileType = sourcecode.cpp.cpp; path = b2_weld_joint.cpp; sourceTree = "<group>"; };
		E758FD062BB085EE00ECB496 /* b2_chain_polygon_contact.cpp */ = {isa = PBXFileReference; lastKnownFileType = sourcecode.cpp.cpp; path = b2_chain_polygon_contact.cpp; sourceTree = "<group>"; };
		E758FD072BB085EE00ECB496 /* b2_edge_circle_contact.h */ = {isa = PBXFileReference; lastKnownFileType = sourcecode.c.h; path = b2_edge_circle_contact.h; sourceTree = "<group>"; };
		E758FD082BB085EE00ECB496 /* b2_body.cpp */ = {isa = PBXFileReference; lastKnownFileType = sourcecode.cpp.cpp; path = b2_body.cpp; sourceTree = "<group>"; };
		E758FD092BB085EE00ECB496 /* b2_contact.cpp */ = {isa = PBXFileReference; lastKnownFileType = sourcecode.cpp.cpp; path = b2_contact.cpp; sourceTree = "<group>"; };
		E758FD0A2BB085EE00ECB496 /* b2_revolute_joint.cpp */ = {isa = PBXFileReference; lastKnownFileType = sourcecode.cpp.cpp; path = b2_revolute_joint.cpp; sourceTree = "<group>"; };
		E758FD0B2BB085EE00ECB496 /* b2_contact_solver.h */ = {isa = PBXFileReference; lastKnownFileType = sourcecode.c.h; path = b2_contact_solver.h; sourceTree = "<group>"; };
		E758FD0C2BB085EE00ECB496 /* b2_contact_solver.cpp */ = {isa = PBXFileReference; lastKnownFileType = sourcecode.cpp.cpp; path = b2_contact_solver.cpp; sourceTree = "<group>"; };
		E758FD0D2BB085EE00ECB496 /* b2_world_callbacks.cpp */ = {isa = PBXFileReference; lastKnownFileType = sourcecode.cpp.cpp; path = b2_world_callbacks.cpp; sourceTree = "<group>"; };
		E758FD0E2BB085EE00ECB496 /* b2_pulley_joint.cpp */ = {isa = PBXFileReference; lastKnownFileType = sourcecode.cpp.cpp; path = b2_pulley_joint.cpp; sourceTree = "<group>"; };
		E758FD0F2BB085EE00ECB496 /* b2_polygon_circle_contact.cpp */ = {isa = PBXFileReference; lastKnownFileType = sourcecode.cpp.cpp; path = b2_polygon_circle_contact.cpp; sourceTree = "<group>"; };
		E758FD102BB085EE00ECB496 /* b2_edge_polygon_contact.h */ = {isa = PBXFileReference; lastKnownFileType = sourcecode.c.h; path = b2_edge_polygon_contact.h; sourceTree = "<group>"; };
		E758FD112BB085EE00ECB496 /* b2_distance_joint.cpp */ = {isa = PBXFileReference; lastKnownFileType = sourcecode.cpp.cpp; path = b2_distance_joint.cpp; sourceTree = "<group>"; };
		E758FD122BB085EE00ECB496 /* b2_contact_manager.cpp */ = {isa = PBXFileReference; lastKnownFileType = sourcecode.cpp.cpp; path = b2_contact_manager.cpp; sourceTree = "<group>"; };
		E758FD132BB085EE00ECB496 /* b2_polygon_contact.cpp */ = {isa = PBXFileReference; lastKnownFileType = sourcecode.cpp.cpp; path = b2_polygon_contact.cpp; sourceTree = "<group>"; };
		E758FD142BB085EE00ECB496 /* b2_edge_polygon_contact.cpp */ = {isa = PBXFileReference; lastKnownFileType = sourcecode.cpp.cpp; path = b2_edge_polygon_contact.cpp; sourceTree = "<group>"; };
		E758FD152BB085EE00ECB496 /* b2_edge_circle_contact.cpp */ = {isa = PBXFileReference; lastKnownFileType = sourcecode.cpp.cpp; path = b2_edge_circle_contact.cpp; sourceTree = "<group>"; };
		E758FD162BB085EE00ECB496 /* b2_gear_joint.cpp */ = {isa = PBXFileReference; lastKnownFileType = sourcecode.cpp.cpp; path = b2_gear_joint.cpp; sourceTree = "<group>"; };
		E758FD172BB085EE00ECB496 /* b2_friction_joint.cpp */ = {isa = PBXFileReference; lastKnownFileType = sourcecode.cpp.cpp; path = b2_friction_joint.cpp; sourceTree = "<group>"; };
		E758FD182BB085EE00ECB496 /* b2_wheel_joint.cpp */ = {isa = PBXFileReference; lastKnownFileType = sourcecode.cpp.cpp; path = b2_wheel_joint.cpp; sourceTree = "<group>"; };
		E758FD192BB085EE00ECB496 /* b2_polygon_contact.h */ = {isa = PBXFileReference; lastKnownFileType = sourcecode.c.h; path = b2_polygon_contact.h; sourceTree = "<group>"; };
		E758FD1A2BB085EE00ECB496 /* b2_motor_joint.cpp */ = {isa = PBXFileReference; lastKnownFileType = sourcecode.cpp.cpp; path = b2_motor_joint.cpp; sourceTree = "<group>"; };
		E758FD1B2BB085EE00ECB496 /* b2_world.cpp */ = {isa = PBXFileReference; lastKnownFileType = sourcecode.cpp.cpp; path = b2_world.cpp; sourceTree = "<group>"; };
		E758FD1C2BB085EE00ECB496 /* b2_island.cpp */ = {isa = PBXFileReference; lastKnownFileType = sourcecode.cpp.cpp; path = b2_island.cpp; sourceTree = "<group>"; };
		E758FD1D2BB085EE00ECB496 /* b2_mouse_joint.cpp */ = {isa = PBXFileReference; lastKnownFileType = sourcecode.cpp.cpp; path = b2_mouse_joint.cpp; sourceTree = "<group>"; };
		E758FD1E2BB085EE00ECB496 /* b2_circle_contact.cpp */ = {isa = PBXFileReference; lastKnownFileType = sourcecode.cpp.cpp; path = b2_circle_contact.cpp; sourceTree = "<group>"; };
		E758FD1F2BB085EE00ECB496 /* b2_prismatic_joint.cpp */ = {isa = PBXFileReference; lastKnownFileType = sourcecode.cpp.cpp; path = b2_prismatic_joint.cpp; sourceTree = "<group>"; };
		E758FD202BB085EE00ECB496 /* b2_fixture.cpp */ = {isa = PBXFileReference; lastKnownFileType = sourcecode.cpp.cpp; path = b2_fixture.cpp; sourceTree = "<group>"; };
		E758FD212BB085EE00ECB496 /* b2_island.h */ = {isa = PBXFileReference; lastKnownFileType = sourcecode.c.h; path = b2_island.h; sourceTree = "<group>"; };
		E758FD232BB085EE00ECB496 /* b2_rope.cpp */ = {isa = PBXFileReference; lastKnownFileType = sourcecode.cpp.cpp; path = b2_rope.cpp; sourceTree = "<group>"; };
		E758FD252BB085EE00ECB496 /* b2_draw.cpp */ = {isa = PBXFileReference; lastKnownFileType = sourcecode.cpp.cpp; path = b2_draw.cpp; sourceTree = "<group>"; };
		E758FD262BB085EE00ECB496 /* b2_timer.cpp */ = {isa = PBXFileReference; lastKnownFileType = sourcecode.cpp.cpp; path = b2_timer.cpp; sourceTree = "<group>"; };
		E758FD272BB085EE00ECB496 /* b2_block_allocator.cpp */ = {isa = PBXFileReference; lastKnownFileType = sourcecode.cpp.cpp; path = b2_block_allocator.cpp; sourceTree = "<group>"; };
		E758FD282BB085EE00ECB496 /* b2_stack_allocator.cpp */ = {isa = PBXFileReference; lastKnownFileType = sourcecode.cpp.cpp; path = b2_stack_allocator.cpp; sourceTree = "<group>"; };
		E758FD292BB085EE00ECB496 /* b2_settings.cpp */ = {isa = PBXFileReference; lastKnownFileType = sourcecode.cpp.cpp; path = b2_settings.cpp; sourceTree = "<group>"; };
		E758FD2A2BB085EE00ECB496 /* b2_math.cpp */ = {isa = PBXFileReference; lastKnownFileType = sourcecode.cpp.cpp; path = b2_math.cpp; sourceTree = "<group>"; };
		E758FD2C2BB085EE00ECB496 /* b2_collide_circle.cpp */ = {isa = PBXFileReference; lastKnownFileType = sourcecode.cpp.cpp; path = b2_collide_circle.cpp; sourceTree = "<group>"; };
		E758FD2D2BB085EE00ECB496 /* b2_circle_shape.cpp */ = {isa = PBXFileReference; lastKnownFileType = sourcecode.cpp.cpp; path = b2_circle_shape.cpp; sourceTree = "<group>"; };
		E758FD2E2BB085EE00ECB496 /* b2_collision.cpp */ = {isa = PBXFileReference; lastKnownFileType = sourcecode.cpp.cpp; path = b2_collision.cpp; sourceTree = "<group>"; };
		E758FD2F2BB085EE00ECB496 /* b2_collide_edge.cpp */ = {isa = PBXFileReference; lastKnownFileType = sourcecode.cpp.cpp; path = b2_collide_edge.cpp; sourceTree = "<group>"; };
		E758FD302BB085EE00ECB496 /* b2_chain_shape.cpp */ = {isa = PBXFileReference; lastKnownFileType = sourcecode.cpp.cpp; path = b2_chain_shape.cpp; sourceTree = "<group>"; };
		E758FD312BB085EE00ECB496 /* b2_broad_phase.cpp */ = {isa = PBXFileReference; lastKnownFileType = sourcecode.cpp.cpp; path = b2_broad_phase.cpp; sourceTree = "<group>"; };
		E758FD322BB085EE00ECB496 /* b2_dynamic_tree.cpp */ = {isa = PBXFileReference; lastKnownFileType = sourcecode.cpp.cpp; path = b2_dynamic_tree.cpp; sourceTree = "<group>"; };
		E758FD332BB085EE00ECB496 /* b2_polygon_shape.cpp */ = {isa = PBXFileReference; lastKnownFileType = sourcecode.cpp.cpp; path = b2_polygon_shape.cpp; sourceTree = "<group>"; };
		E758FD342BB085EE00ECB496 /* b2_collide_polygon.cpp */ = {isa = PBXFileReference; lastKnownFileType = sourcecode.cpp.cpp; path = b2_collide_polygon.cpp; sourceTree = "<group>"; };
		E758FD352BB085EE00ECB496 /* b2_edge_shape.cpp */ = {isa = PBXFileReference; lastKnownFileType = sourcecode.cpp.cpp; path = b2_edge_shape.cpp; sourceTree = "<group>"; };
		E758FD362BB085EE00ECB496 /* b2_time_of_impact.cpp */ = {isa = PBXFileReference; lastKnownFileType = sourcecode.cpp.cpp; path = b2_time_of_impact.cpp; sourceTree = "<group>"; };
		E758FD372BB085EE00ECB496 /* b2_distance.cpp */ = {isa = PBXFileReference; lastKnownFileType = sourcecode.cpp.cpp; path = b2_distance.cpp; sourceTree = "<group>"; };
		E76157932B97DB8700F23F7B /* lmem.h */ = {isa = PBXFileReference; fileEncoding = 4; lastKnownFileType = sourcecode.c.h; path = lmem.h; sourceTree = "<group>"; };
		E76157942B97DB8700F23F7B /* lopcodes.h */ = {isa = PBXFileReference; fileEncoding = 4; lastKnownFileType = sourcecode.c.h; path = lopcodes.h; sourceTree = "<group>"; };
		E76157952B97DB8700F23F7B /* liolib.c */ = {isa = PBXFileReference; fileEncoding = 4; lastKnownFileType = sourcecode.c.c; path = liolib.c; sourceTree = "<group>"; };
		E76157962B97DB8700F23F7B /* lfunc.h */ = {isa = PBXFileReference; fileEncoding = 4; lastKnownFileType = sourcecode.c.h; path = lfunc.h; sourceTree = "<group>"; };
		E76157972B97DB8700F23F7B /* lctype.c */ = {isa = PBXFileReference; fileEncoding = 4; lastKnownFileType = sourcecode.c.c; path = lctype.c; sourceTree = "<group>"; };
		E76157982B97DB8700F23F7B /* lmem.c */ = {isa = PBXFileReference; fileEncoding = 4; lastKnownFileType = sourcecode.c.c; path = lmem.c; sourceTree = "<group>"; };
		E76157992B97DB8700F23F7B /* lparser.c */ = {isa = PBXFileReference; fileEncoding = 4; lastKnownFileType = sourcecode.c.c; path = lparser.c; sourceTree = "<group>"; };
		E761579A2B97DB8700F23F7B /* lctype.h */ = {isa = PBXFileReference; fileEncoding = 4; lastKnownFileType = sourcecode.c.h; path = lctype.h; sourceTree = "<group>"; };
		E761579B2B97DB8700F23F7B /* lstring.c */ = {isa = PBXFileReference; fileEncoding = 4; lastKnownFileType = sourcecode.c.c; path = lstring.c; sourceTree = "<group>"; };
		E761579C2B97DB8700F23F7B /* loadlib.c */ = {isa = PBXFileReference; fileEncoding = 4; lastKnownFileType = sourcecode.c.c; path = loadlib.c; sourceTree = "<group>"; };
		E761579D2B97DB8700F23F7B /* lgc.h */ = {isa = PBXFileReference; fileEncoding = 4; lastKnownFileType = sourcecode.c.h; path = lgc.h; sourceTree = "<group>"; };
		E761579E2B97DB8700F23F7B /* lobject.h */ = {isa = PBXFileReference; fileEncoding = 4; lastKnownFileType = sourcecode.c.h; path = lobject.h; sourceTree = "<group>"; };
		E761579F2B97DB8700F23F7B /* ltm.h */ = {isa = PBXFileReference; fileEncoding = 4; lastKnownFileType = sourcecode.c.h; path = ltm.h; sourceTree = "<group>"; };
		E76157A02B97DB8700F23F7B /* ljumptab.h */ = {isa = PBXFileReference; fileEncoding = 4; lastKnownFileType = sourcecode.c.h; path = ljumptab.h; sourceTree = "<group>"; };
		E76157A12B97DB8700F23F7B /* lobject.c */ = {isa = PBXFileReference; fileEncoding = 4; lastKnownFileType = sourcecode.c.c; path = lobject.c; sourceTree = "<group>"; };
		E76157A22B97DB8700F23F7B /* lcorolib.c */ = {isa = PBXFileReference; fileEncoding = 4; lastKnownFileType = sourcecode.c.c; path = lcorolib.c; sourceTree = "<group>"; };
		E76157A32B97DB8700F23F7B /* lutf8lib.c */ = {isa = PBXFileReference; fileEncoding = 4; lastKnownFileType = sourcecode.c.c; path = lutf8lib.c; sourceTree = "<group>"; };
		E76157A42B97DB8700F23F7B /* lapi.c */ = {isa = PBXFileReference; fileEncoding = 4; lastKnownFileType = sourcecode.c.c; path = lapi.c; sourceTree = "<group>"; };
		E76157A52B97DB8700F23F7B /* ldblib.c */ = {isa = PBXFileReference; fileEncoding = 4; lastKnownFileType = sourcecode.c.c; path = ldblib.c; sourceTree = "<group>"; };
		E76157A62B97DB8700F23F7B /* lcode.h */ = {isa = PBXFileReference; fileEncoding = 4; lastKnownFileType = sourcecode.c.h; path = lcode.h; sourceTree = "<group>"; };
		E76157A72B97DB8700F23F7B /* lua.hpp */ = {isa = PBXFileReference; fileEncoding = 4; lastKnownFileType = sourcecode.cpp.h; path = lua.hpp; sourceTree = "<group>"; };
		E76157A82B97DB8700F23F7B /* llex.h */ = {isa = PBXFileReference; fileEncoding = 4; lastKnownFileType = sourcecode.c.h; path = llex.h; sourceTree = "<group>"; };
		E76157A92B97DB8700F23F7B /* lparser.h */ = {isa = PBXFileReference; fileEncoding = 4; lastKnownFileType = sourcecode.c.h; path = lparser.h; sourceTree = "<group>"; };
		E76157AA2B97DB8700F23F7B /* lprefix.h */ = {isa = PBXFileReference; fileEncoding = 4; lastKnownFileType = sourcecode.c.h; path = lprefix.h; sourceTree = "<group>"; };
		E76157AB2B97DB8700F23F7B /* lstate.h */ = {isa = PBXFileReference; fileEncoding = 4; lastKnownFileType = sourcecode.c.h; path = lstate.h; sourceTree = "<group>"; };
		E76157AC2B97DB8700F23F7B /* luaconf.h */ = {isa = PBXFileReference; fileEncoding = 4; lastKnownFileType = sourcecode.c.h; path = luaconf.h; sourceTree = "<group>"; };
		E76157AD2B97DB8700F23F7B /* ltablib.c */ = {isa = PBXFileReference; fileEncoding = 4; lastKnownFileType = sourcecode.c.c; path = ltablib.c; sourceTree = "<group>"; };
		E76157AE2B97DB8700F23F7B /* lualib.h */ = {isa = PBXFileReference; fileEncoding = 4; lastKnownFileType = sourcecode.c.h; path = lualib.h; sourceTree = "<group>"; };
		E76157AF2B97DB8700F23F7B /* lundump.c */ = {isa = PBXFileReference; fileEncoding = 4; lastKnownFileType = sourcecode.c.c; path = lundump.c; sourceTree = "<group>"; };
		E76157B02B97DB8700F23F7B /* ldo.c */ = {isa = PBXFileReference; fileEncoding = 4; lastKnownFileType = sourcecode.c.c; path = ldo.c; sourceTree = "<group>"; };
		E76157B12B97DB8700F23F7B /* lapi.h */ = {isa = PBXFileReference; fileEncoding = 4; lastKnownFileType = sourcecode.c.h; path = lapi.h; sourceTree = "<group>"; };
		E76157B22B97DB8700F23F7B /* lundump.h */ = {isa = PBXFileReference; fileEncoding = 4; lastKnownFileType = sourcecode.c.h; path = lundump.h; sourceTree = "<group>"; };
		E76157B32B97DB8700F23F7B /* lcode.c */ = {isa = PBXFileReference; fileEncoding = 4; lastKnownFileType = sourcecode.c.c; path = lcode.c; sourceTree = "<group>"; };
		E76157B42B97DB8700F23F7B /* lua.h */ = {isa = PBXFileReference; fileEncoding = 4; lastKnownFileType = sourcecode.c.h; path = lua.h; sourceTree = "<group>"; };
		E76157B52B97DB8700F23F7B /* lgc.c */ = {isa = PBXFileReference; fileEncoding = 4; lastKnownFileType = sourcecode.c.c; path = lgc.c; sourceTree = "<group>"; };
		E76157B62B97DB8700F23F7B /* ltm.c */ = {isa = PBXFileReference; fileEncoding = 4; lastKnownFileType = sourcecode.c.c; path = ltm.c; sourceTree = "<group>"; };
		E76157B72B97DB8700F23F7B /* lstrlib.c */ = {isa = PBXFileReference; fileEncoding = 4; lastKnownFileType = sourcecode.c.c; path = lstrlib.c; sourceTree = "<group>"; };
		E76157B82B97DB8700F23F7B /* lvm.c */ = {isa = PBXFileReference; fileEncoding = 4; lastKnownFileType = sourcecode.c.c; path = lvm.c; sourceTree = "<group>"; };
		E76157B92B97DB8700F23F7B /* llex.c */ = {isa = PBXFileReference; fileEncoding = 4; lastKnownFileType = sourcecode.c.c; path = llex.c; sourceTree = "<group>"; };
		E76157BA2B97DB8700F23F7B /* linit.c */ = {isa = PBXFileReference; fileEncoding = 4; lastKnownFileType = sourcecode.c.c; path = linit.c; sourceTree = "<group>"; };
		E76157BB2B97DB8700F23F7B /* lzio.h */ = {isa = PBXFileReference; fileEncoding = 4; lastKnownFileType = sourcecode.c.h; path = lzio.h; sourceTree = "<group>"; };
		E76157BC2B97DB8700F23F7B /* ltable.c */ = {isa = PBXFileReference; fileEncoding = 4; lastKnownFileType = sourcecode.c.c; path = ltable.c; sourceTree = "<group>"; };
		E76157BD2B97DB8700F23F7B /* lopnames.h */ = {isa = PBXFileReference; fileEncoding = 4; lastKnownFileType = sourcecode.c.h; path = lopnames.h; sourceTree = "<group>"; };
		E76157BE2B97DB8700F23F7B /* lbaselib.c */ = {isa = PBXFileReference; fileEncoding = 4; lastKnownFileType = sourcecode.c.c; path = lbaselib.c; sourceTree = "<group>"; };
		E76157BF2B97DB8700F23F7B /* ldebug.c */ = {isa = PBXFileReference; fileEncoding = 4; lastKnownFileType = sourcecode.c.c; path = ldebug.c; sourceTree = "<group>"; };
		E76157C02B97DB8700F23F7B /* ldebug.h */ = {isa = PBXFileReference; fileEncoding = 4; lastKnownFileType = sourcecode.c.h; path = ldebug.h; sourceTree = "<group>"; };
		E76157C12B97DB8700F23F7B /* lopcodes.c */ = {isa = PBXFileReference; fileEncoding = 4; lastKnownFileType = sourcecode.c.c; path = lopcodes.c; sourceTree = "<group>"; };
		E76157C22B97DB8700F23F7B /* ldo.h */ = {isa = PBXFileReference; fileEncoding = 4; lastKnownFileType = sourcecode.c.h; path = ldo.h; sourceTree = "<group>"; };
		E76157C32B97DB8700F23F7B /* lstring.h */ = {isa = PBXFileReference; fileEncoding = 4; lastKnownFileType = sourcecode.c.h; path = lstring.h; sourceTree = "<group>"; };
		E76157C42B97DB8700F23F7B /* lauxlib.c */ = {isa = PBXFileReference; fileEncoding = 4; lastKnownFileType = sourcecode.c.c; path = lauxlib.c; sourceTree = "<group>"; };
		E76157C52B97DB8700F23F7B /* lauxlib.h */ = {isa = PBXFileReference; fileEncoding = 4; lastKnownFileType = sourcecode.c.h; path = lauxlib.h; sourceTree = "<group>"; };
		E76157C62B97DB8700F23F7B /* llimits.h */ = {isa = PBXFileReference; fileEncoding = 4; lastKnownFileType = sourcecode.c.h; path = llimits.h; sourceTree = "<group>"; };
		E76157C72B97DB8700F23F7B /* ltable.h */ = {isa = PBXFileReference; fileEncoding = 4; lastKnownFileType = sourcecode.c.h; path = ltable.h; sourceTree = "<group>"; };
		E76157C82B97DB8800F23F7B /* ldump.c */ = {isa = PBXFileReference; fileEncoding = 4; lastKnownFileType = sourcecode.c.c; path = ldump.c; sourceTree = "<group>"; };
		E76157C92B97DB8800F23F7B /* lstate.c */ = {isa = PBXFileReference; fileEncoding = 4; lastKnownFileType = sourcecode.c.c; path = lstate.c; sourceTree = "<group>"; };
		E76157CA2B97DB8800F23F7B /* lfunc.c */ = {isa = PBXFileReference; fileEncoding = 4; lastKnownFileType = sourcecode.c.c; path = lfunc.c; sourceTree = "<group>"; };
		E76157CB2B97DB8800F23F7B /* lmathlib.c */ = {isa = PBXFileReference; fileEncoding = 4; lastKnownFileType = sourcecode.c.c; path = lmathlib.c; sourceTree = "<group>"; };
		E76157CC2B97DB8800F23F7B /* loslib.c */ = {isa = PBXFileReference; fileEncoding = 4; lastKnownFileType = sourcecode.c.c; path = loslib.c; sourceTree = "<group>"; };
		E76157CD2B97DB8800F23F7B /* lvm.h */ = {isa = PBXFileReference; fileEncoding = 4; lastKnownFileType = sourcecode.c.h; path = lvm.h; sourceTree = "<group>"; };
		E76157CE2B97DB8800F23F7B /* lzio.c */ = {isa = PBXFileReference; fileEncoding = 4; lastKnownFileType = sourcecode.c.c; path = lzio.c; sourceTree = "<group>"; };
		E764349C2BB61AC100241357 /* EventBus.cpp */ = {isa = PBXFileReference; lastKnownFileType = sourcecode.cpp.cpp; path = EventBus.cpp; sourceTree = "<group>"; };
		E76481EC2B6CA44400837976 /* EngineUtils.cpp */ = {isa = PBXFileReference; lastKnownFileType = sourcecode.cpp.cpp; path = EngineUtils.cpp; sourceTree = "<group>"; };
		E76481EE2B6CB5A200837976 /* credits */ = {isa = PBXFileReference; lastKnownFileType = text; path = credits; sourceTree = "<group>"; };
		E76A865A2BB3544F009098BF /* CollisionManager.cpp */ = {isa = PBXFileReference; lastKnownFileType = sourcecode.cpp.cpp; path = CollisionManager.cpp; sourceTree = "<group>"; };
		E76A865D2BB46097009098BF /* Raycast.cpp */ = {isa = PBXFileReference; lastKnownFileType = sourcecode.cpp.cpp; path = Raycast.cpp; sourceTree = "<group>"; };
		E771C2B42BB1E3E9005BBC83 /* Rigidbody.cpp */ = {isa = PBXFileReference; lastKnownFileType = sourcecode.cpp.cpp; path = Rigidbody.cpp; sourceTree = "<group>"; };
		E772402F2B73E2F80091BFF6 /* Renderer.cpp */ = {isa = PBXFileReference; lastKnownFileType = sourcecode.cpp.cpp; path = Renderer.cpp; sourceTree = "<group>"; };
		E77240342B73E5970091BFF6 /* SDL2_mixer.framework */ = {isa = PBXFileReference; lastKnownFileType = wrapper.framework; path = SDL2_mixer.framework; sourceTree = "<group>"; };
		E77240362B73E5970091BFF6 /* SDL2_image.framework */ = {isa = PBXFileReference; lastKnownFileType = wrapper.framework; path = SDL2_image.framework; sourceTree = "<group>"; };
		E773CB252B61CE830015ABD7 /* external */ = {isa = PBXFileReference; lastKnownFileType = folder; path = external; sourceTree = "<group>"; };
		E773CB262B61CE830015ABD7 /* HeaderFiles */ = {isa = PBXFileReference; lastKnownFileType = folder; path = HeaderFiles; sourceTree = "<group>"; };
		E77EAA512B7EBAB80019F55F /* Input.cpp */ = {isa = PBXFileReference; lastKnownFileType = sourcecode.cpp.cpp; path = Input.cpp; sourceTree = "<group>"; };
		E77EAA672B8289610019F55F /* SpacialMap.cpp */ = {isa = PBXFileReference; lastKnownFileType = sourcecode.cpp.cpp; path = SpacialMap.cpp; sourceTree = "<group>"; };
		E78D6CB92B6F58CB006AE422 /* main.cpp */ = {isa = PBXFileReference; lastKnownFileType = sourcecode.cpp.cpp; path = main.cpp; sourceTree = "<group>"; };
		E78D6CBB2B6F58D0006AE422 /* SceneDB.cpp */ = {isa = PBXFileReference; lastKnownFileType = sourcecode.cpp.cpp; path = SceneDB.cpp; sourceTree = "<group>"; };
		E7A630642B72D6F700132C47 /* Engine.cpp */ = {isa = PBXFileReference; lastKnownFileType = sourcecode.cpp.cpp; path = Engine.cpp; sourceTree = "<group>"; };
		E7E719732B9D8D3B00DB7737 /* basic.scene */ = {isa = PBXFileReference; fileEncoding = 4; lastKnownFileType = text; path = basic.scene; sourceTree = "<group>"; };
		E7E719742B9D8D3B00DB7737 /* rendering.config */ = {isa = PBXFileReference; fileEncoding = 4; lastKnownFileType = text; path = rendering.config; sourceTree = "<group>"; };
		E7E719762B9D8D3B00DB7737 /* enemy.template */ = {isa = PBXFileReference; explicitFileType = text.json; fileEncoding = 4; path = enemy.template; sourceTree = "<group>"; };
		E7E719782B9D8D3B00DB7737 /* OutputMessage.lua */ = {isa = PBXFileReference; fileEncoding = 4; lastKnownFileType = text; path = OutputMessage.lua; sourceTree = "<group>"; };
		E7E719792B9D8D3B00DB7737 /* game.config */ = {isa = PBXFileReference; fileEncoding = 4; lastKnownFileType = text; path = game.config; sourceTree = "<group>"; };
/* End PBXFileReference section */

/* Begin PBXFrameworksBuildPhase section */
		E7123AB02B61B159005FE74A /* Frameworks */ = {
			isa = PBXFrameworksBuildPhase;
			buildActionMask = 2147483647;
			files = (
				E77240382B73E5970091BFF6 /* SDL2_mixer.framework in Frameworks */,
				E704B17A2B73FA1D0014E5D1 /* SDL2_ttf.framework in Frameworks */,
				E772403A2B73E5970091BFF6 /* SDL2_image.framework in Frameworks */,
				E704B17C2B73FA1D0014E5D1 /* SDL2.framework in Frameworks */,
			);
			runOnlyForDeploymentPostprocessing = 0;
		};
/* End PBXFrameworksBuildPhase section */

/* Begin PBXGroup section */
		E7123AAA2B61B159005FE74A = {
			isa = PBXGroup;
			children = (
				E758FCD42BB085EE00ECB496 /* box2d */,
				E76481EE2B6CB5A200837976 /* credits */,
				E7E719712B9D8D3B00DB7737 /* resources */,
				E76157922B97DB5100F23F7B /* Lua */,
				E7DF3ABB2B742FB200727F7A /* Frameworks */,
				E7A630692B72D78000132C47 /* sourceFiles */,
				E773CB262B61CE830015ABD7 /* HeaderFiles */,
				E773CB252B61CE830015ABD7 /* external */,
				E7123AB42B61B159005FE74A /* Products */,
			);
			sourceTree = "<group>";
		};
		E7123AB42B61B159005FE74A /* Products */ = {
			isa = PBXGroup;
			children = (
				E7123AB32B61B159005FE74A /* dive_engine */,
			);
			name = Products;
			sourceTree = "<group>";
		};
		E758FCD42BB085EE00ECB496 /* box2d */ = {
			isa = PBXGroup;
			children = (
				E758FCD52BB085EE00ECB496 /* b2_joint.h */,
				E758FCD62BB085EE00ECB496 /* b2_shape.h */,
				E758FCD72BB085EE00ECB496 /* b2_block_allocator.h */,
				E758FCD82BB085EE00ECB496 /* b2_motor_joint.h */,
				E758FCD92BB085EE00ECB496 /* b2_common.h */,
				E758FCDA2BB085EE00ECB496 /* b2_weld_joint.h */,
				E758FCDB2BB085EE00ECB496 /* b2_dynamic_tree.h */,
				E758FCDC2BB085EE00ECB496 /* b2_fixture.h */,
				E758FCDD2BB085EE00ECB496 /* b2_stack_allocator.h */,
				E758FCDE2BB085EE00ECB496 /* box2d.h */,
				E758FCDF2BB085EE00ECB496 /* b2_types.h */,
				E758FCE02BB085EE00ECB496 /* b2_broad_phase.h */,
				E758FCE12BB085EE00ECB496 /* b2_settings.h */,
				E758FCE22BB085EE00ECB496 /* b2_revolute_joint.h */,
				E758FCE32BB085EE00ECB496 /* b2_rope.h */,
				E758FCE42BB085EE00ECB496 /* b2_distance_joint.h */,
				E758FCE52BB085EE00ECB496 /* b2_body.h */,
				E758FCE62BB085EE00ECB496 /* b2_distance.h */,
				E758FCE72BB085EE00ECB496 /* b2_time_step.h */,
				E758FCE82BB085EE00ECB496 /* b2_pulley_joint.h */,
				E758FCE92BB085EE00ECB496 /* b2_circle_shape.h */,
				E758FCEA2BB085EE00ECB496 /* b2_math.h */,
				E758FCEB2BB085EE00ECB496 /* b2_time_of_impact.h */,
				E758FCEC2BB085EE00ECB496 /* b2_mouse_joint.h */,
				E758FCED2BB085EE00ECB496 /* b2_friction_joint.h */,
				E758FCEE2BB085EE00ECB496 /* b2_contact.h */,
				E758FCEF2BB085EE00ECB496 /* b2_prismatic_joint.h */,
				E758FCF02BB085EE00ECB496 /* b2_world.h */,
				E758FCF12BB085EE00ECB496 /* b2_polygon_shape.h */,
				E758FCF22BB085EE00ECB496 /* b2_wheel_joint.h */,
				E758FCF32BB085EE00ECB496 /* b2_growable_stack.h */,
				E758FCF42BB085EE00ECB496 /* b2_draw.h */,
				E758FCF52BB085EE00ECB496 /* b2_collision.h */,
				E758FCF62BB085EE00ECB496 /* b2_api.h */,
				E758FCF72BB085EE00ECB496 /* b2_chain_shape.h */,
				E758FCF82BB085EE00ECB496 /* b2_gear_joint.h */,
				E758FCF92BB085EE00ECB496 /* b2_timer.h */,
				E758FCFA2BB085EE00ECB496 /* b2_world_callbacks.h */,
				E758FCFB2BB085EE00ECB496 /* b2_contact_manager.h */,
				E758FCFC2BB085EE00ECB496 /* b2_edge_shape.h */,
				E758FCFD2BB085EE00ECB496 /* src */,
			);
			name = box2d;
			path = external/box2d;
			sourceTree = "<group>";
		};
		E758FCFD2BB085EE00ECB496 /* src */ = {
			isa = PBXGroup;
			children = (
				E758FCFE2BB085EE00ECB496 /* dynamics */,
				E758FD222BB085EE00ECB496 /* rope */,
				E758FD242BB085EE00ECB496 /* common */,
				E758FD2B2BB085EE00ECB496 /* collision */,
			);
			path = src;
			sourceTree = "<group>";
		};
		E758FCFE2BB085EE00ECB496 /* dynamics */ = {
			isa = PBXGroup;
			children = (
				E758FCFF2BB085EE00ECB496 /* b2_joint.cpp */,
				E758FD002BB085EE00ECB496 /* b2_chain_polygon_contact.h */,
				E758FD012BB085EE00ECB496 /* b2_chain_circle_contact.cpp */,
				E758FD022BB085EE00ECB496 /* b2_chain_circle_contact.h */,
				E758FD032BB085EE00ECB496 /* b2_polygon_circle_contact.h */,
				E758FD042BB085EE00ECB496 /* b2_circle_contact.h */,
				E758FD052BB085EE00ECB496 /* b2_weld_joint.cpp */,
				E758FD062BB085EE00ECB496 /* b2_chain_polygon_contact.cpp */,
				E758FD072BB085EE00ECB496 /* b2_edge_circle_contact.h */,
				E758FD082BB085EE00ECB496 /* b2_body.cpp */,
				E758FD092BB085EE00ECB496 /* b2_contact.cpp */,
				E758FD0A2BB085EE00ECB496 /* b2_revolute_joint.cpp */,
				E758FD0B2BB085EE00ECB496 /* b2_contact_solver.h */,
				E758FD0C2BB085EE00ECB496 /* b2_contact_solver.cpp */,
				E758FD0D2BB085EE00ECB496 /* b2_world_callbacks.cpp */,
				E758FD0E2BB085EE00ECB496 /* b2_pulley_joint.cpp */,
				E758FD0F2BB085EE00ECB496 /* b2_polygon_circle_contact.cpp */,
				E758FD102BB085EE00ECB496 /* b2_edge_polygon_contact.h */,
				E758FD112BB085EE00ECB496 /* b2_distance_joint.cpp */,
				E758FD122BB085EE00ECB496 /* b2_contact_manager.cpp */,
				E758FD132BB085EE00ECB496 /* b2_polygon_contact.cpp */,
				E758FD142BB085EE00ECB496 /* b2_edge_polygon_contact.cpp */,
				E758FD152BB085EE00ECB496 /* b2_edge_circle_contact.cpp */,
				E758FD162BB085EE00ECB496 /* b2_gear_joint.cpp */,
				E758FD172BB085EE00ECB496 /* b2_friction_joint.cpp */,
				E758FD182BB085EE00ECB496 /* b2_wheel_joint.cpp */,
				E758FD192BB085EE00ECB496 /* b2_polygon_contact.h */,
				E758FD1A2BB085EE00ECB496 /* b2_motor_joint.cpp */,
				E758FD1B2BB085EE00ECB496 /* b2_world.cpp */,
				E758FD1C2BB085EE00ECB496 /* b2_island.cpp */,
				E758FD1D2BB085EE00ECB496 /* b2_mouse_joint.cpp */,
				E758FD1E2BB085EE00ECB496 /* b2_circle_contact.cpp */,
				E758FD1F2BB085EE00ECB496 /* b2_prismatic_joint.cpp */,
				E758FD202BB085EE00ECB496 /* b2_fixture.cpp */,
				E758FD212BB085EE00ECB496 /* b2_island.h */,
			);
			path = dynamics;
			sourceTree = "<group>";
		};
		E758FD222BB085EE00ECB496 /* rope */ = {
			isa = PBXGroup;
			children = (
				E758FD232BB085EE00ECB496 /* b2_rope.cpp */,
			);
			path = rope;
			sourceTree = "<group>";
		};
		E758FD242BB085EE00ECB496 /* common */ = {
			isa = PBXGroup;
			children = (
				E758FD252BB085EE00ECB496 /* b2_draw.cpp */,
				E758FD262BB085EE00ECB496 /* b2_timer.cpp */,
				E758FD272BB085EE00ECB496 /* b2_block_allocator.cpp */,
				E758FD282BB085EE00ECB496 /* b2_stack_allocator.cpp */,
				E758FD292BB085EE00ECB496 /* b2_settings.cpp */,
				E758FD2A2BB085EE00ECB496 /* b2_math.cpp */,
			);
			path = common;
			sourceTree = "<group>";
		};
		E758FD2B2BB085EE00ECB496 /* collision */ = {
			isa = PBXGroup;
			children = (
				E758FD2C2BB085EE00ECB496 /* b2_collide_circle.cpp */,
				E758FD2D2BB085EE00ECB496 /* b2_circle_shape.cpp */,
				E758FD2E2BB085EE00ECB496 /* b2_collision.cpp */,
				E758FD2F2BB085EE00ECB496 /* b2_collide_edge.cpp */,
				E758FD302BB085EE00ECB496 /* b2_chain_shape.cpp */,
				E758FD312BB085EE00ECB496 /* b2_broad_phase.cpp */,
				E758FD322BB085EE00ECB496 /* b2_dynamic_tree.cpp */,
				E758FD332BB085EE00ECB496 /* b2_polygon_shape.cpp */,
				E758FD342BB085EE00ECB496 /* b2_collide_polygon.cpp */,
				E758FD352BB085EE00ECB496 /* b2_edge_shape.cpp */,
				E758FD362BB085EE00ECB496 /* b2_time_of_impact.cpp */,
				E758FD372BB085EE00ECB496 /* b2_distance.cpp */,
			);
			path = collision;
			sourceTree = "<group>";
		};
		E76157922B97DB5100F23F7B /* Lua */ = {
			isa = PBXGroup;
			children = (
				E76157A42B97DB8700F23F7B /* lapi.c */,
				E76157B12B97DB8700F23F7B /* lapi.h */,
				E76157C42B97DB8700F23F7B /* lauxlib.c */,
				E76157C52B97DB8700F23F7B /* lauxlib.h */,
				E76157BE2B97DB8700F23F7B /* lbaselib.c */,
				E76157B32B97DB8700F23F7B /* lcode.c */,
				E76157A62B97DB8700F23F7B /* lcode.h */,
				E76157A22B97DB8700F23F7B /* lcorolib.c */,
				E76157972B97DB8700F23F7B /* lctype.c */,
				E761579A2B97DB8700F23F7B /* lctype.h */,
				E76157A52B97DB8700F23F7B /* ldblib.c */,
				E76157BF2B97DB8700F23F7B /* ldebug.c */,
				E76157C02B97DB8700F23F7B /* ldebug.h */,
				E76157B02B97DB8700F23F7B /* ldo.c */,
				E76157C22B97DB8700F23F7B /* ldo.h */,
				E76157C82B97DB8800F23F7B /* ldump.c */,
				E76157CA2B97DB8800F23F7B /* lfunc.c */,
				E76157962B97DB8700F23F7B /* lfunc.h */,
				E76157B52B97DB8700F23F7B /* lgc.c */,
				E761579D2B97DB8700F23F7B /* lgc.h */,
				E76157BA2B97DB8700F23F7B /* linit.c */,
				E76157952B97DB8700F23F7B /* liolib.c */,
				E76157A02B97DB8700F23F7B /* ljumptab.h */,
				E76157B92B97DB8700F23F7B /* llex.c */,
				E76157A82B97DB8700F23F7B /* llex.h */,
				E76157C62B97DB8700F23F7B /* llimits.h */,
				E76157CB2B97DB8800F23F7B /* lmathlib.c */,
				E76157982B97DB8700F23F7B /* lmem.c */,
				E76157932B97DB8700F23F7B /* lmem.h */,
				E761579C2B97DB8700F23F7B /* loadlib.c */,
				E76157A12B97DB8700F23F7B /* lobject.c */,
				E761579E2B97DB8700F23F7B /* lobject.h */,
				E76157C12B97DB8700F23F7B /* lopcodes.c */,
				E76157942B97DB8700F23F7B /* lopcodes.h */,
				E76157BD2B97DB8700F23F7B /* lopnames.h */,
				E76157CC2B97DB8800F23F7B /* loslib.c */,
				E76157992B97DB8700F23F7B /* lparser.c */,
				E76157A92B97DB8700F23F7B /* lparser.h */,
				E76157AA2B97DB8700F23F7B /* lprefix.h */,
				E76157C92B97DB8800F23F7B /* lstate.c */,
				E76157AB2B97DB8700F23F7B /* lstate.h */,
				E761579B2B97DB8700F23F7B /* lstring.c */,
				E76157C32B97DB8700F23F7B /* lstring.h */,
				E76157B72B97DB8700F23F7B /* lstrlib.c */,
				E76157BC2B97DB8700F23F7B /* ltable.c */,
				E76157C72B97DB8700F23F7B /* ltable.h */,
				E76157AD2B97DB8700F23F7B /* ltablib.c */,
				E76157B62B97DB8700F23F7B /* ltm.c */,
				E761579F2B97DB8700F23F7B /* ltm.h */,
				E76157B42B97DB8700F23F7B /* lua.h */,
				E76157A72B97DB8700F23F7B /* lua.hpp */,
				E76157AC2B97DB8700F23F7B /* luaconf.h */,
				E76157AE2B97DB8700F23F7B /* lualib.h */,
				E76157AF2B97DB8700F23F7B /* lundump.c */,
				E76157B22B97DB8700F23F7B /* lundump.h */,
				E76157A32B97DB8700F23F7B /* lutf8lib.c */,
				E76157B82B97DB8700F23F7B /* lvm.c */,
				E76157CD2B97DB8800F23F7B /* lvm.h */,
				E76157CE2B97DB8800F23F7B /* lzio.c */,
				E76157BB2B97DB8700F23F7B /* lzio.h */,
			);
			path = Lua;
			sourceTree = "<group>";
		};
		E7A630692B72D78000132C47 /* sourceFiles */ = {
			isa = PBXGroup;
			children = (
				E772402F2B73E2F80091BFF6 /* Renderer.cpp */,
				E77EAA672B8289610019F55F /* SpacialMap.cpp */,
				E78D6CBB2B6F58D0006AE422 /* SceneDB.cpp */,
				E78D6CB92B6F58CB006AE422 /* main.cpp */,
				E7A630642B72D6F700132C47 /* Engine.cpp */,
				E76481EC2B6CA44400837976 /* EngineUtils.cpp */,
				E73524842B734C19002C0617 /* TemplateData.cpp */,
				E74DA1142B7A7AF6001B5D47 /* AudioManager.cpp */,
				E74DA1172B7AAAE0001B5D47 /* Actor.cpp */,
				E77EAA512B7EBAB80019F55F /* Input.cpp */,
				E71B4B812B9C074D0056C9E0 /* ComponentDB.cpp */,
				E771C2B42BB1E3E9005BBC83 /* Rigidbody.cpp */,
				E76A865A2BB3544F009098BF /* CollisionManager.cpp */,
				E76A865D2BB46097009098BF /* Raycast.cpp */,
				E764349C2BB61AC100241357 /* EventBus.cpp */,
			);
			path = sourceFiles;
			sourceTree = "<group>";
		};
		E7DF3ABB2B742FB200727F7A /* Frameworks */ = {
			isa = PBXGroup;
			children = (
				E704B1792B73FA0F0014E5D1 /* SDL2_ttf.framework */,
				E704B1782B73FA0F0014E5D1 /* SDL2.framework */,
				E77240362B73E5970091BFF6 /* SDL2_image.framework */,
				E77240342B73E5970091BFF6 /* SDL2_mixer.framework */,
			);
			path = Frameworks;
			sourceTree = "<group>";
		};
		E7E719712B9D8D3B00DB7737 /* resources */ = {
			isa = PBXGroup;
			children = (
				E7E719722B9D8D3B00DB7737 /* scenes */,
				E7E719742B9D8D3B00DB7737 /* rendering.config */,
				E7E719752B9D8D3B00DB7737 /* actor_templates */,
				E7E719772B9D8D3B00DB7737 /* component_types */,
				E7E719792B9D8D3B00DB7737 /* game.config */,
			);
			path = resources;
			sourceTree = "<group>";
		};
		E7E719722B9D8D3B00DB7737 /* scenes */ = {
			isa = PBXGroup;
			children = (
				E7E719732B9D8D3B00DB7737 /* basic.scene */,
			);
			path = scenes;
			sourceTree = "<group>";
		};
		E7E719752B9D8D3B00DB7737 /* actor_templates */ = {
			isa = PBXGroup;
			children = (
				E7E719762B9D8D3B00DB7737 /* enemy.template */,
			);
			path = actor_templates;
			sourceTree = "<group>";
		};
		E7E719772B9D8D3B00DB7737 /* component_types */ = {
			isa = PBXGroup;
			children = (
				E7E719782B9D8D3B00DB7737 /* OutputMessage.lua */,
			);
			path = component_types;
			sourceTree = "<group>";
		};
/* End PBXGroup section */

/* Begin PBXNativeTarget section */
		E7123AB22B61B159005FE74A /* dive_engine */ = {
			isa = PBXNativeTarget;
			buildConfigurationList = E7123ABA2B61B159005FE74A /* Build configuration list for PBXNativeTarget "dive_engine" */;
			buildPhases = (
				E7123AAF2B61B159005FE74A /* Sources */,
				E7123AB02B61B159005FE74A /* Frameworks */,
				E7123AB12B61B159005FE74A /* CopyFiles */,
			);
			buildRules = (
			);
			dependencies = (
			);
			name = dive_engine;
			productName = game_engine;
			productReference = E7123AB32B61B159005FE74A /* dive_engine */;
			productType = "com.apple.product-type.tool";
		};
/* End PBXNativeTarget section */

/* Begin PBXProject section */
		E7123AAB2B61B159005FE74A /* Project object */ = {
			isa = PBXProject;
			attributes = {
				BuildIndependentTargetsInParallel = 1;
				LastUpgradeCheck = 1520;
				TargetAttributes = {
					E7123AB22B61B159005FE74A = {
						CreatedOnToolsVersion = 15.2;
					};
				};
			};
			buildConfigurationList = E7123AAE2B61B159005FE74A /* Build configuration list for PBXProject "dive_engine" */;
			compatibilityVersion = "Xcode 14.0";
			developmentRegion = en;
			hasScannedForEncodings = 0;
			knownRegions = (
				en,
				Base,
			);
			mainGroup = E7123AAA2B61B159005FE74A;
			productRefGroup = E7123AB42B61B159005FE74A /* Products */;
			projectDirPath = "";
			projectRoot = "";
			targets = (
				E7123AB22B61B159005FE74A /* dive_engine */,
			);
		};
/* End PBXProject section */

/* Begin PBXSourcesBuildPhase section */
		E7123AAF2B61B159005FE74A /* Sources */ = {
			isa = PBXSourcesBuildPhase;
			buildActionMask = 2147483647;
			files = (
				E758FD532BB0873E00ECB496 /* b2_draw.cpp in Sources */,
				E758FD542BB0873E00ECB496 /* b2_timer.cpp in Sources */,
				E758FD552BB0873E00ECB496 /* b2_block_allocator.cpp in Sources */,
				E758FD562BB0873E00ECB496 /* b2_stack_allocator.cpp in Sources */,
				E758FD572BB0873E00ECB496 /* b2_settings.cpp in Sources */,
				E758FD582BB0873E00ECB496 /* b2_math.cpp in Sources */,
				E758FD592BB0874800ECB496 /* b2_collide_circle.cpp in Sources */,
				E758FD5A2BB0874800ECB496 /* b2_circle_shape.cpp in Sources */,
				E758FD5B2BB0874800ECB496 /* b2_collision.cpp in Sources */,
				E758FD5C2BB0874800ECB496 /* b2_collide_edge.cpp in Sources */,
				E758FD5D2BB0874800ECB496 /* b2_chain_shape.cpp in Sources */,
				E758FD5E2BB0874800ECB496 /* b2_broad_phase.cpp in Sources */,
				E758FD5F2BB0874800ECB496 /* b2_dynamic_tree.cpp in Sources */,
				E758FD602BB0874800ECB496 /* b2_polygon_shape.cpp in Sources */,
				E758FD612BB0874800ECB496 /* b2_collide_polygon.cpp in Sources */,
				E758FD622BB0874800ECB496 /* b2_edge_shape.cpp in Sources */,
				E758FD632BB0874800ECB496 /* b2_time_of_impact.cpp in Sources */,
				E758FD642BB0874800ECB496 /* b2_distance.cpp in Sources */,
				E76157EB2B97DB8800F23F7B /* lfunc.c in Sources */,
				E76157E22B97DB8800F23F7B /* llex.c in Sources */,
				E76157D12B97DB8800F23F7B /* lmem.c in Sources */,
				E76157D42B97DB8800F23F7B /* loadlib.c in Sources */,
				E74DA1162B7A7AF6001B5D47 /* AudioManager.cpp in Sources */,
				E77240312B73E2F80091BFF6 /* Renderer.cpp in Sources */,
				E76157E52B97DB8800F23F7B /* lbaselib.c in Sources */,
				E73524852B734C19002C0617 /* TemplateData.cpp in Sources */,
				E76157D82B97DB8800F23F7B /* lapi.c in Sources */,
				E76157DB2B97DB8800F23F7B /* lundump.c in Sources */,
				E76A865C2BB3544F009098BF /* CollisionManager.cpp in Sources */,
				E76157D92B97DB8800F23F7B /* ldblib.c in Sources */,
				E758FD382BB0872300ECB496 /* b2_joint.cpp in Sources */,
				E758FD392BB0872300ECB496 /* b2_chain_circle_contact.cpp in Sources */,
				E758FD3A2BB0872300ECB496 /* b2_weld_joint.cpp in Sources */,
				E758FD3B2BB0872300ECB496 /* b2_chain_polygon_contact.cpp in Sources */,
				E758FD3C2BB0872300ECB496 /* b2_body.cpp in Sources */,
				E758FD3D2BB0872300ECB496 /* b2_contact.cpp in Sources */,
				E758FD3E2BB0872300ECB496 /* b2_revolute_joint.cpp in Sources */,
				E758FD3F2BB0872300ECB496 /* b2_contact_solver.cpp in Sources */,
				E758FD402BB0872300ECB496 /* b2_world_callbacks.cpp in Sources */,
				E758FD412BB0872300ECB496 /* b2_pulley_joint.cpp in Sources */,
				E758FD422BB0872300ECB496 /* b2_polygon_circle_contact.cpp in Sources */,
				E758FD432BB0872300ECB496 /* b2_distance_joint.cpp in Sources */,
				E758FD442BB0872300ECB496 /* b2_contact_manager.cpp in Sources */,
				E758FD452BB0872300ECB496 /* b2_polygon_contact.cpp in Sources */,
				E758FD462BB0872300ECB496 /* b2_edge_polygon_contact.cpp in Sources */,
				E758FD472BB0872300ECB496 /* b2_edge_circle_contact.cpp in Sources */,
				E771C2B62BB1E3E9005BBC83 /* Rigidbody.cpp in Sources */,
				E758FD482BB0872300ECB496 /* b2_gear_joint.cpp in Sources */,
				E758FD492BB0872300ECB496 /* b2_friction_joint.cpp in Sources */,
				E758FD4A2BB0872300ECB496 /* b2_wheel_joint.cpp in Sources */,
				E758FD4B2BB0872300ECB496 /* b2_motor_joint.cpp in Sources */,
				E758FD4C2BB0872300ECB496 /* b2_world.cpp in Sources */,
				E758FD4D2BB0872300ECB496 /* b2_island.cpp in Sources */,
				E758FD4E2BB0872300ECB496 /* b2_mouse_joint.cpp in Sources */,
				E758FD4F2BB0872300ECB496 /* b2_circle_contact.cpp in Sources */,
				E758FD502BB0872300ECB496 /* b2_prismatic_joint.cpp in Sources */,
				E758FD512BB0872300ECB496 /* b2_fixture.cpp in Sources */,
				E76157D52B97DB8800F23F7B /* lobject.c in Sources */,
				E76157ED2B97DB8800F23F7B /* loslib.c in Sources */,
				E758FD522BB0873200ECB496 /* b2_rope.cpp in Sources */,
				E76157E82B97DB8800F23F7B /* lauxlib.c in Sources */,
				E76157DD2B97DB8800F23F7B /* lcode.c in Sources */,
				E76157E72B97DB8800F23F7B /* lopcodes.c in Sources */,
				E76157E62B97DB8800F23F7B /* ldebug.c in Sources */,
				E76157EE2B97DB8800F23F7B /* lzio.c in Sources */,
				E76157EC2B97DB8800F23F7B /* lmathlib.c in Sources */,
				E74DA1182B7AAAE0001B5D47 /* Actor.cpp in Sources */,
				E76157EA2B97DB8800F23F7B /* lstate.c in Sources */,
				E76157D72B97DB8800F23F7B /* lutf8lib.c in Sources */,
				E764349E2BB61AC100241357 /* EventBus.cpp in Sources */,
				E76157E42B97DB8800F23F7B /* ltable.c in Sources */,
				E76157E92B97DB8800F23F7B /* ldump.c in Sources */,
				E76157DA2B97DB8800F23F7B /* ltablib.c in Sources */,
				E7FB24B92B6EBA4E006D9397 /* EngineUtils.cpp in Sources */,
				E7A630652B72D6F700132C47 /* Engine.cpp in Sources */,
				E77EAA692B8289610019F55F /* SpacialMap.cpp in Sources */,
				E76157DE2B97DB8800F23F7B /* lgc.c in Sources */,
				E76157CF2B97DB8800F23F7B /* liolib.c in Sources */,
				E76157E12B97DB8800F23F7B /* lvm.c in Sources */,
				E76157D22B97DB8800F23F7B /* lparser.c in Sources */,
				E77EAA532B7EBAB80019F55F /* Input.cpp in Sources */,
				E78D6CBC2B6F58D1006AE422 /* SceneDB.cpp in Sources */,
				E76157D02B97DB8800F23F7B /* lctype.c in Sources */,
				E71B4B832B9C074D0056C9E0 /* ComponentDB.cpp in Sources */,
				E76157E02B97DB8800F23F7B /* lstrlib.c in Sources */,
				E76157E32B97DB8800F23F7B /* linit.c in Sources */,
				E76157D62B97DB8800F23F7B /* lcorolib.c in Sources */,
				E76157DC2B97DB8800F23F7B /* ldo.c in Sources */,
				E76A865F2BB46097009098BF /* Raycast.cpp in Sources */,
				E76157DF2B97DB8800F23F7B /* ltm.c in Sources */,
				E76157D32B97DB8800F23F7B /* lstring.c in Sources */,
				E78D6CBA2B6F58CB006AE422 /* main.cpp in Sources */,
			);
			runOnlyForDeploymentPostprocessing = 0;
		};
/* End PBXSourcesBuildPhase section */

/* Begin XCBuildConfiguration section */
		E7123AB82B61B159005FE74A /* Debug */ = {
			isa = XCBuildConfiguration;
			buildSettings = {
				ALWAYS_SEARCH_USER_PATHS = NO;
				ASSETCATALOG_COMPILER_GENERATE_SWIFT_ASSET_SYMBOL_EXTENSIONS = YES;
				CLANG_ANALYZER_NONNULL = YES;
				CLANG_ANALYZER_NUMBER_OBJECT_CONVERSION = YES_AGGRESSIVE;
				CLANG_CXX_LANGUAGE_STANDARD = "c++17";
				CLANG_ENABLE_MODULES = YES;
				CLANG_ENABLE_OBJC_ARC = YES;
				CLANG_ENABLE_OBJC_WEAK = YES;
				CLANG_WARN_BLOCK_CAPTURE_AUTORELEASING = YES;
				CLANG_WARN_BOOL_CONVERSION = YES;
				CLANG_WARN_COMMA = YES;
				CLANG_WARN_CONSTANT_CONVERSION = YES;
				CLANG_WARN_DEPRECATED_OBJC_IMPLEMENTATIONS = YES;
				CLANG_WARN_DIRECT_OBJC_ISA_USAGE = YES_ERROR;
				CLANG_WARN_DOCUMENTATION_COMMENTS = YES;
				CLANG_WARN_EMPTY_BODY = YES;
				CLANG_WARN_ENUM_CONVERSION = YES;
				CLANG_WARN_INFINITE_RECURSION = YES;
				CLANG_WARN_INT_CONVERSION = YES;
				CLANG_WARN_NON_LITERAL_NULL_CONVERSION = YES;
				CLANG_WARN_OBJC_IMPLICIT_RETAIN_SELF = YES;
				CLANG_WARN_OBJC_LITERAL_CONVERSION = YES;
				CLANG_WARN_OBJC_ROOT_CLASS = YES_ERROR;
				CLANG_WARN_QUOTED_INCLUDE_IN_FRAMEWORK_HEADER = YES;
				CLANG_WARN_RANGE_LOOP_ANALYSIS = YES;
				CLANG_WARN_STRICT_PROTOTYPES = YES;
				CLANG_WARN_SUSPICIOUS_MOVE = YES;
				CLANG_WARN_UNGUARDED_AVAILABILITY = YES_AGGRESSIVE;
				CLANG_WARN_UNREACHABLE_CODE = YES;
				CLANG_WARN__DUPLICATE_METHOD_MATCH = YES;
				COPY_PHASE_STRIP = NO;
				DEBUG_INFORMATION_FORMAT = dwarf;
				ENABLE_STRICT_OBJC_MSGSEND = YES;
				ENABLE_TESTABILITY = YES;
				ENABLE_USER_SCRIPT_SANDBOXING = YES;
				EXCLUDED_RECURSIVE_SEARCH_PATH_SUBDIRECTORIES = "*.nib *.lproj *.gch *.xcode* *.xcassets (*) .DS_Store CVS .svn .git .hg *.pbproj *.pbxproj";
				GCC_C_LANGUAGE_STANDARD = gnu17;
				GCC_DYNAMIC_NO_PIC = NO;
				GCC_NO_COMMON_BLOCKS = YES;
				GCC_OPTIMIZATION_LEVEL = 0;
				GCC_PREPROCESSOR_DEFINITIONS = (
					"DEBUG=1",
					"$(inherited)",
				);
				GCC_WARN_64_TO_32_BIT_CONVERSION = YES;
				GCC_WARN_ABOUT_RETURN_TYPE = YES_ERROR;
				GCC_WARN_UNDECLARED_SELECTOR = YES;
				GCC_WARN_UNINITIALIZED_AUTOS = YES_AGGRESSIVE;
				GCC_WARN_UNUSED_FUNCTION = YES;
				GCC_WARN_UNUSED_VARIABLE = YES;
				LOCALIZATION_PREFERS_STRING_CATALOGS = YES;
				MACOSX_DEPLOYMENT_TARGET = 14.2;
				MTL_ENABLE_DEBUG_INFO = INCLUDE_SOURCE;
				MTL_FAST_MATH = YES;
				ONLY_ACTIVE_ARCH = YES;
				SDKROOT = macosx;
			};
			name = Debug;
		};
		E7123AB92B61B159005FE74A /* Release */ = {
			isa = XCBuildConfiguration;
			buildSettings = {
				ALWAYS_SEARCH_USER_PATHS = NO;
				ASSETCATALOG_COMPILER_GENERATE_SWIFT_ASSET_SYMBOL_EXTENSIONS = YES;
				CLANG_ANALYZER_NONNULL = YES;
				CLANG_ANALYZER_NUMBER_OBJECT_CONVERSION = YES_AGGRESSIVE;
				CLANG_CXX_LANGUAGE_STANDARD = "c++17";
				CLANG_ENABLE_MODULES = YES;
				CLANG_ENABLE_OBJC_ARC = YES;
				CLANG_ENABLE_OBJC_WEAK = YES;
				CLANG_WARN_BLOCK_CAPTURE_AUTORELEASING = YES;
				CLANG_WARN_BOOL_CONVERSION = YES;
				CLANG_WARN_COMMA = YES;
				CLANG_WARN_CONSTANT_CONVERSION = YES;
				CLANG_WARN_DEPRECATED_OBJC_IMPLEMENTATIONS = YES;
				CLANG_WARN_DIRECT_OBJC_ISA_USAGE = YES_ERROR;
				CLANG_WARN_DOCUMENTATION_COMMENTS = YES;
				CLANG_WARN_EMPTY_BODY = YES;
				CLANG_WARN_ENUM_CONVERSION = YES;
				CLANG_WARN_INFINITE_RECURSION = YES;
				CLANG_WARN_INT_CONVERSION = YES;
				CLANG_WARN_NON_LITERAL_NULL_CONVERSION = YES;
				CLANG_WARN_OBJC_IMPLICIT_RETAIN_SELF = YES;
				CLANG_WARN_OBJC_LITERAL_CONVERSION = YES;
				CLANG_WARN_OBJC_ROOT_CLASS = YES_ERROR;
				CLANG_WARN_QUOTED_INCLUDE_IN_FRAMEWORK_HEADER = YES;
				CLANG_WARN_RANGE_LOOP_ANALYSIS = YES;
				CLANG_WARN_STRICT_PROTOTYPES = YES;
				CLANG_WARN_SUSPICIOUS_MOVE = YES;
				CLANG_WARN_UNGUARDED_AVAILABILITY = YES_AGGRESSIVE;
				CLANG_WARN_UNREACHABLE_CODE = YES;
				CLANG_WARN__DUPLICATE_METHOD_MATCH = YES;
				COPY_PHASE_STRIP = NO;
				DEBUG_INFORMATION_FORMAT = "dwarf-with-dsym";
				ENABLE_NS_ASSERTIONS = NO;
				ENABLE_STRICT_OBJC_MSGSEND = YES;
				ENABLE_USER_SCRIPT_SANDBOXING = YES;
				EXCLUDED_RECURSIVE_SEARCH_PATH_SUBDIRECTORIES = "*.nib *.lproj *.gch *.xcode* *.xcassets (*) .DS_Store CVS .svn .git .hg *.pbproj *.pbxproj";
				GCC_C_LANGUAGE_STANDARD = gnu17;
				GCC_NO_COMMON_BLOCKS = YES;
				GCC_WARN_64_TO_32_BIT_CONVERSION = YES;
				GCC_WARN_ABOUT_RETURN_TYPE = YES_ERROR;
				GCC_WARN_UNDECLARED_SELECTOR = YES;
				GCC_WARN_UNINITIALIZED_AUTOS = YES_AGGRESSIVE;
				GCC_WARN_UNUSED_FUNCTION = YES;
				GCC_WARN_UNUSED_VARIABLE = YES;
				LOCALIZATION_PREFERS_STRING_CATALOGS = YES;
				MACOSX_DEPLOYMENT_TARGET = 14.2;
				MTL_ENABLE_DEBUG_INFO = NO;
				MTL_FAST_MATH = YES;
				SDKROOT = macosx;
			};
			name = Release;
		};
		E7123ABB2B61B159005FE74A /* Debug */ = {
			isa = XCBuildConfiguration;
			buildSettings = {
				CODE_SIGN_ENTITLEMENTS = dive_engine.entitlements;
				"CODE_SIGN_IDENTITY[sdk=macosx*]" = "Apple Development";
				CODE_SIGN_STYLE = Automatic;
				DEVELOPMENT_TEAM = 2H5Q3YNK5D;
				ENABLE_HARDENED_RUNTIME = YES;
				EXCLUDED_RECURSIVE_SEARCH_PATH_SUBDIRECTORIES = "*.nib *.lproj *.gch *.xcode* *.xcassets (*) .DS_Store CVS .svn .git .hg *.pbproj *.pbxproj";
				FRAMEWORK_SEARCH_PATHS = "$(PROJECT_DIR)/Frameworks/**";
				HEADER_SEARCH_PATHS = (
					"\"$(PROJECT_DIR)/HeaderFiles\"",
					"\"$(PROJECT_DIR)/external\"",
					"\"$(PROJECT_DIR)/external/glm-0.9.9.8/\"",
					"\"$(PROJECT_DIR)/external/rapidjson-1.1.0/include\"",
					"\"$(PROJECT_DIR)/external/LuaBridge\"",
					"\"$(PROJECT_DIR)/external/LuaBridge/detail\"",
					"$(PROJECT_DIR)/Frameworks/SDL2_image.framework/Versions/A",
					"$(PROJECT_DIR)/Frameworks/SDL2_ttf.framework/Versions/A",
					"$(PROJECT_DIR)/Frameworks/SDL2_mixer.framework/Versions/A",
					"$(PROJECT_DIR)/Frameworks/SDL2.framework/Versions/A",
					"\"$(PROJECT_DIR)/Lua\"",
					"\"$(PROJECT_DIR)/external/box2d\"",
					"\"$(PROJECT_DIR)/external/box2d/src\"",
				);
				LD_RUNPATH_SEARCH_PATHS = "$(PROJECT_DIR)/Frameworks";
				LIBRARY_SEARCH_PATHS = "";
				OTHER_CODE_SIGN_FLAGS = "";
				"PRODUCT_BUNDLE_IDENTIFIER[sdk=macosx*]" = "com.mtgagnon.dive-engine";
				PRODUCT_NAME = "$(TARGET_NAME)";
				SYSTEM_HEADER_SEARCH_PATHS = (
					"$(PROJECT_DIR)/Frameworks/SDL2_image.framework/Versions/A",
					"$(PROJECT_DIR)/Frameworks/SDL2.framework/Versions/A/Headers",
					"$(PROJECT_DIR)/Frameworks/SDL2_ttf.framework/Versions/A",
					"$(PROJECT_DIR)/Frameworks/SDL2_mixer.framework/Versions/A",
				);
			};
			name = Debug;
		};
		E7123ABC2B61B159005FE74A /* Release */ = {
			isa = XCBuildConfiguration;
			buildSettings = {
				CODE_SIGN_ENTITLEMENTS = dive_engine.entitlements;
				"CODE_SIGN_IDENTITY[sdk=macosx*]" = "Apple Development";
				CODE_SIGN_STYLE = Automatic;
				DEVELOPMENT_TEAM = 2H5Q3YNK5D;
				ENABLE_HARDENED_RUNTIME = YES;
				EXCLUDED_RECURSIVE_SEARCH_PATH_SUBDIRECTORIES = "*.nib *.lproj *.gch *.xcode* *.xcassets (*) .DS_Store CVS .svn .git .hg *.pbproj *.pbxproj";
				FRAMEWORK_SEARCH_PATHS = "$(PROJECT_DIR)/Frameworks/**";
				HEADER_SEARCH_PATHS = (
					"\"$(PROJECT_DIR)/HeaderFiles\"",
					"\"$(PROJECT_DIR)/external\"",
					"\"$(PROJECT_DIR)/external/glm-0.9.9.8/\"",
					"\"$(PROJECT_DIR)/external/rapidjson-1.1.0/include\"",
					"\"$(PROJECT_DIR)/external/LuaBridge\"",
					"\"$(PROJECT_DIR)/external/LuaBridge/detail\"",
					"$(PROJECT_DIR)/Frameworks/SDL2_image.framework/Versions/A",
					"$(PROJECT_DIR)/Frameworks/SDL2_ttf.framework/Versions/A",
					"$(PROJECT_DIR)/Frameworks/SDL2_mixer.framework/Versions/A",
					"$(PROJECT_DIR)/Frameworks/SDL2.framework/Versions/A",
					"\"$(PROJECT_DIR)/Lua\"",
					"\"$(PROJECT_DIR)/external/box2d\"",
					"\"$(PROJECT_DIR)/external/box2d/src\"",
				);
				LD_RUNPATH_SEARCH_PATHS = "$(PROJECT_DIR)/Frameworks";
				LIBRARY_SEARCH_PATHS = "";
				OTHER_CODE_SIGN_FLAGS = "";
				"PRODUCT_BUNDLE_IDENTIFIER[sdk=macosx*]" = "com.mtgagnon.dive-engine";
				PRODUCT_NAME = "$(TARGET_NAME)";
				SYSTEM_HEADER_SEARCH_PATHS = (
					"$(PROJECT_DIR)/Frameworks/SDL2_image.framework/Versions/A",
					"$(PROJECT_DIR)/Frameworks/SDL2.framework/Versions/A/Headers",
					"$(PROJECT_DIR)/Frameworks/SDL2_ttf.framework/Versions/A",
					"$(PROJECT_DIR)/Frameworks/SDL2_mixer.framework/Versions/A",
				);
			};
			name = Release;
		};
/* End XCBuildConfiguration section */

/* Begin XCConfigurationList section */
		E7123AAE2B61B159005FE74A /* Build configuration list for PBXProject "dive_engine" */ = {
			isa = XCConfigurationList;
			buildConfigurations = (
				E7123AB82B61B159005FE74A /* Debug */,
				E7123AB92B61B159005FE74A /* Release */,
			);
			defaultConfigurationIsVisible = 0;
			defaultConfigurationName = Release;
		};
		E7123ABA2B61B159005FE74A /* Build configuration list for PBXNativeTarget "dive_engine" */ = {
			isa = XCConfigurationList;
			buildConfigurations = (
				E7123ABB2B61B159005FE74A /* Debug */,
				E7123ABC2B61B159005FE74A /* Release */,
			);
			defaultConfigurationIsVisible = 0;
			defaultConfigurationName = Release;
		};
/* End XCConfigurationList section */
	};
	rootObject = E7123AAB2B61B159005FE74A /* Project object */;
}
